// !$*UTF8*$!
{
	archiveVersion = 1;
	classes = {
	};
	objectVersion = 55;
	objects = {

/* Begin PBXBuildFile section */
		0309FC7228156174008F23FA /* AppDelegate.swift in Sources */ = {isa = PBXBuildFile; fileRef = 0309FC7128156174008F23FA /* AppDelegate.swift */; };
		0309FC7428156174008F23FA /* SceneDelegate.swift in Sources */ = {isa = PBXBuildFile; fileRef = 0309FC7328156174008F23FA /* SceneDelegate.swift */; };
		0309FC7628156174008F23FA /* ViewController.swift in Sources */ = {isa = PBXBuildFile; fileRef = 0309FC7528156174008F23FA /* ViewController.swift */; };
		0309FC7928156174008F23FA /* Main.storyboard in Resources */ = {isa = PBXBuildFile; fileRef = 0309FC7728156174008F23FA /* Main.storyboard */; };
		0309FC7B28156175008F23FA /* Assets.xcassets in Resources */ = {isa = PBXBuildFile; fileRef = 0309FC7A28156175008F23FA /* Assets.xcassets */; };
		0309FC7E28156175008F23FA /* LaunchScreen.storyboard in Resources */ = {isa = PBXBuildFile; fileRef = 0309FC7C28156175008F23FA /* LaunchScreen.storyboard */; };
		0309FC8928156175008F23FA /* CollectionViewUsageTests.swift in Sources */ = {isa = PBXBuildFile; fileRef = 0309FC8828156175008F23FA /* CollectionViewUsageTests.swift */; };
		0309FC9328156175008F23FA /* CollectionViewUsageUITests.swift in Sources */ = {isa = PBXBuildFile; fileRef = 0309FC9228156175008F23FA /* CollectionViewUsageUITests.swift */; };
		0309FC9528156175008F23FA /* CollectionViewUsageUITestsLaunchTests.swift in Sources */ = {isa = PBXBuildFile; fileRef = 0309FC9428156175008F23FA /* CollectionViewUsageUITestsLaunchTests.swift */; };
		0309FCA2281561EB008F23FA /* Countries.swift in Sources */ = {isa = PBXBuildFile; fileRef = 0309FCA1281561EB008F23FA /* Countries.swift */; };
		0309FCA428156374008F23FA /* UlkeCollectionViewCell.swift in Sources */ = {isa = PBXBuildFile; fileRef = 0309FCA328156374008F23FA /* UlkeCollectionViewCell.swift */; };
/* End PBXBuildFile section */

/* Begin PBXContainerItemProxy section */
		0309FC8528156175008F23FA /* PBXContainerItemProxy */ = {
			isa = PBXContainerItemProxy;
			containerPortal = 0309FC6628156174008F23FA /* Project object */;
			proxyType = 1;
			remoteGlobalIDString = 0309FC6D28156174008F23FA;
			remoteInfo = CollectionViewUsage;
		};
		0309FC8F28156175008F23FA /* PBXContainerItemProxy */ = {
			isa = PBXContainerItemProxy;
			containerPortal = 0309FC6628156174008F23FA /* Project object */;
			proxyType = 1;
			remoteGlobalIDString = 0309FC6D28156174008F23FA;
			remoteInfo = CollectionViewUsage;
		};
/* End PBXContainerItemProxy section */

/* Begin PBXFileReference section */
		0309FC6E28156174008F23FA /* CollectionViewUsage.app */ = {isa = PBXFileReference; explicitFileType = wrapper.application; includeInIndex = 0; path = CollectionViewUsage.app; sourceTree = BUILT_PRODUCTS_DIR; };
		0309FC7128156174008F23FA /* AppDelegate.swift */ = {isa = PBXFileReference; lastKnownFileType = sourcecode.swift; path = AppDelegate.swift; sourceTree = "<group>"; };
		0309FC7328156174008F23FA /* SceneDelegate.swift */ = {isa = PBXFileReference; lastKnownFileType = sourcecode.swift; path = SceneDelegate.swift; sourceTree = "<group>"; };
		0309FC7528156174008F23FA /* ViewController.swift */ = {isa = PBXFileReference; lastKnownFileType = sourcecode.swift; path = ViewController.swift; sourceTree = "<group>"; };
		0309FC7828156174008F23FA /* Base */ = {isa = PBXFileReference; lastKnownFileType = file.storyboard; name = Base; path = Base.lproj/Main.storyboard; sourceTree = "<group>"; };
		0309FC7A28156175008F23FA /* Assets.xcassets */ = {isa = PBXFileReference; lastKnownFileType = folder.assetcatalog; path = Assets.xcassets; sourceTree = "<group>"; };
		0309FC7D28156175008F23FA /* Base */ = {isa = PBXFileReference; lastKnownFileType = file.storyboard; name = Base; path = Base.lproj/LaunchScreen.storyboard; sourceTree = "<group>"; };
		0309FC7F28156175008F23FA /* Info.plist */ = {isa = PBXFileReference; lastKnownFileType = text.plist.xml; path = Info.plist; sourceTree = "<group>"; };
		0309FC8428156175008F23FA /* CollectionViewUsageTests.xctest */ = {isa = PBXFileReference; explicitFileType = wrapper.cfbundle; includeInIndex = 0; path = CollectionViewUsageTests.xctest; sourceTree = BUILT_PRODUCTS_DIR; };
		0309FC8828156175008F23FA /* CollectionViewUsageTests.swift */ = {isa = PBXFileReference; lastKnownFileType = sourcecode.swift; path = CollectionViewUsageTests.swift; sourceTree = "<group>"; };
		0309FC8E28156175008F23FA /* CollectionViewUsageUITests.xctest */ = {isa = PBXFileReference; explicitFileType = wrapper.cfbundle; includeInIndex = 0; path = CollectionViewUsageUITests.xctest; sourceTree = BUILT_PRODUCTS_DIR; };
		0309FC9228156175008F23FA /* CollectionViewUsageUITests.swift */ = {isa = PBXFileReference; lastKnownFileType = sourcecode.swift; path = CollectionViewUsageUITests.swift; sourceTree = "<group>"; };
		0309FC9428156175008F23FA /* CollectionViewUsageUITestsLaunchTests.swift */ = {isa = PBXFileReference; lastKnownFileType = sourcecode.swift; path = CollectionViewUsageUITestsLaunchTests.swift; sourceTree = "<group>"; };
		0309FCA1281561EB008F23FA /* Countries.swift */ = {isa = PBXFileReference; lastKnownFileType = sourcecode.swift; path = Countries.swift; sourceTree = "<group>"; };
		0309FCA328156374008F23FA /* UlkeCollectionViewCell.swift */ = {isa = PBXFileReference; lastKnownFileType = sourcecode.swift; path = UlkeCollectionViewCell.swift; sourceTree = "<group>"; };
/* End PBXFileReference section */

/* Begin PBXFrameworksBuildPhase section */
		0309FC6B28156174008F23FA /* Frameworks */ = {
			isa = PBXFrameworksBuildPhase;
			buildActionMask = 2147483647;
			files = (
			);
			runOnlyForDeploymentPostprocessing = 0;
		};
		0309FC8128156175008F23FA /* Frameworks */ = {
			isa = PBXFrameworksBuildPhase;
			buildActionMask = 2147483647;
			files = (
			);
			runOnlyForDeploymentPostprocessing = 0;
		};
		0309FC8B28156175008F23FA /* Frameworks */ = {
			isa = PBXFrameworksBuildPhase;
			buildActionMask = 2147483647;
			files = (
			);
			runOnlyForDeploymentPostprocessing = 0;
		};
/* End PBXFrameworksBuildPhase section */

/* Begin PBXGroup section */
		0309FC6528156174008F23FA = {
			isa = PBXGroup;
			children = (
				0309FCA1281561EB008F23FA /* Countries.swift */,
				0309FC7028156174008F23FA /* CollectionViewUsage */,
				0309FC8728156175008F23FA /* CollectionViewUsageTests */,
				0309FC9128156175008F23FA /* CollectionViewUsageUITests */,
				0309FC6F28156174008F23FA /* Products */,
			);
			sourceTree = "<group>";
		};
		0309FC6F28156174008F23FA /* Products */ = {
			isa = PBXGroup;
			children = (
				0309FC6E28156174008F23FA /* CollectionViewUsage.app */,
				0309FC8428156175008F23FA /* CollectionViewUsageTests.xctest */,
				0309FC8E28156175008F23FA /* CollectionViewUsageUITests.xctest */,
			);
			name = Products;
			sourceTree = "<group>";
		};
		0309FC7028156174008F23FA /* CollectionViewUsage */ = {
			isa = PBXGroup;
			children = (
				0309FC7128156174008F23FA /* AppDelegate.swift */,
				0309FC7328156174008F23FA /* SceneDelegate.swift */,
				0309FC7528156174008F23FA /* ViewController.swift */,
				0309FC7728156174008F23FA /* Main.storyboard */,
				0309FCA328156374008F23FA /* UlkeCollectionViewCell.swift */,
				0309FC7A28156175008F23FA /* Assets.xcassets */,
				0309FC7C28156175008F23FA /* LaunchScreen.storyboard */,
				0309FC7F28156175008F23FA /* Info.plist */,
			);
			path = CollectionViewUsage;
			sourceTree = "<group>";
		};
		0309FC8728156175008F23FA /* CollectionViewUsageTests */ = {
			isa = PBXGroup;
			children = (
				0309FC8828156175008F23FA /* CollectionViewUsageTests.swift */,
			);
			path = CollectionViewUsageTests;
			sourceTree = "<group>";
		};
		0309FC9128156175008F23FA /* CollectionViewUsageUITests */ = {
			isa = PBXGroup;
			children = (
				0309FC9228156175008F23FA /* CollectionViewUsageUITests.swift */,
				0309FC9428156175008F23FA /* CollectionViewUsageUITestsLaunchTests.swift */,
			);
			path = CollectionViewUsageUITests;
			sourceTree = "<group>";
		};
/* End PBXGroup section */

/* Begin PBXNativeTarget section */
		0309FC6D28156174008F23FA /* CollectionViewUsage */ = {
			isa = PBXNativeTarget;
			buildConfigurationList = 0309FC9828156175008F23FA /* Build configuration list for PBXNativeTarget "CollectionViewUsage" */;
			buildPhases = (
				0309FC6A28156174008F23FA /* Sources */,
				0309FC6B28156174008F23FA /* Frameworks */,
				0309FC6C28156174008F23FA /* Resources */,
			);
			buildRules = (
			);
			dependencies = (
			);
			name = CollectionViewUsage;
			productName = CollectionViewUsage;
			productReference = 0309FC6E28156174008F23FA /* CollectionViewUsage.app */;
			productType = "com.apple.product-type.application";
		};
		0309FC8328156175008F23FA /* CollectionViewUsageTests */ = {
			isa = PBXNativeTarget;
			buildConfigurationList = 0309FC9B28156175008F23FA /* Build configuration list for PBXNativeTarget "CollectionViewUsageTests" */;
			buildPhases = (
				0309FC8028156175008F23FA /* Sources */,
				0309FC8128156175008F23FA /* Frameworks */,
				0309FC8228156175008F23FA /* Resources */,
			);
			buildRules = (
			);
			dependencies = (
				0309FC8628156175008F23FA /* PBXTargetDependency */,
			);
			name = CollectionViewUsageTests;
			productName = CollectionViewUsageTests;
			productReference = 0309FC8428156175008F23FA /* CollectionViewUsageTests.xctest */;
			productType = "com.apple.product-type.bundle.unit-test";
		};
		0309FC8D28156175008F23FA /* CollectionViewUsageUITests */ = {
			isa = PBXNativeTarget;
			buildConfigurationList = 0309FC9E28156175008F23FA /* Build configuration list for PBXNativeTarget "CollectionViewUsageUITests" */;
			buildPhases = (
				0309FC8A28156175008F23FA /* Sources */,
				0309FC8B28156175008F23FA /* Frameworks */,
				0309FC8C28156175008F23FA /* Resources */,
			);
			buildRules = (
			);
			dependencies = (
				0309FC9028156175008F23FA /* PBXTargetDependency */,
			);
			name = CollectionViewUsageUITests;
			productName = CollectionViewUsageUITests;
			productReference = 0309FC8E28156175008F23FA /* CollectionViewUsageUITests.xctest */;
			productType = "com.apple.product-type.bundle.ui-testing";
		};
/* End PBXNativeTarget section */

/* Begin PBXProject section */
		0309FC6628156174008F23FA /* Project object */ = {
			isa = PBXProject;
			attributes = {
				BuildIndependentTargetsInParallel = 1;
				LastSwiftUpdateCheck = 1330;
				LastUpgradeCheck = 1330;
				TargetAttributes = {
					0309FC6D28156174008F23FA = {
						CreatedOnToolsVersion = 13.3.1;
					};
					0309FC8328156175008F23FA = {
						CreatedOnToolsVersion = 13.3.1;
						TestTargetID = 0309FC6D28156174008F23FA;
					};
					0309FC8D28156175008F23FA = {
						CreatedOnToolsVersion = 13.3.1;
						TestTargetID = 0309FC6D28156174008F23FA;
					};
				};
			};
			buildConfigurationList = 0309FC6928156174008F23FA /* Build configuration list for PBXProject "CollectionViewUsage" */;
			compatibilityVersion = "Xcode 13.0";
			developmentRegion = en;
			hasScannedForEncodings = 0;
			knownRegions = (
				en,
				Base,
			);
			mainGroup = 0309FC6528156174008F23FA;
			productRefGroup = 0309FC6F28156174008F23FA /* Products */;
			projectDirPath = "";
			projectRoot = "";
			targets = (
				0309FC6D28156174008F23FA /* CollectionViewUsage */,
				0309FC8328156175008F23FA /* CollectionViewUsageTests */,
				0309FC8D28156175008F23FA /* CollectionViewUsageUITests */,
			);
		};
/* End PBXProject section */

/* Begin PBXResourcesBuildPhase section */
		0309FC6C28156174008F23FA /* Resources */ = {
			isa = PBXResourcesBuildPhase;
			buildActionMask = 2147483647;
			files = (
				0309FC7E28156175008F23FA /* LaunchScreen.storyboard in Resources */,
				0309FC7B28156175008F23FA /* Assets.xcassets in Resources */,
				0309FC7928156174008F23FA /* Main.storyboard in Resources */,
			);
			runOnlyForDeploymentPostprocessing = 0;
		};
		0309FC8228156175008F23FA /* Resources */ = {
			isa = PBXResourcesBuildPhase;
			buildActionMask = 2147483647;
			files = (
			);
			runOnlyForDeploymentPostprocessing = 0;
		};
		0309FC8C28156175008F23FA /* Resources */ = {
			isa = PBXResourcesBuildPhase;
			buildActionMask = 2147483647;
			files = (
			);
			runOnlyForDeploymentPostprocessing = 0;
		};
/* End PBXResourcesBuildPhase section */

/* Begin PBXSourcesBuildPhase section */
		0309FC6A28156174008F23FA /* Sources */ = {
			isa = PBXSourcesBuildPhase;
			buildActionMask = 2147483647;
			files = (
				0309FC7628156174008F23FA /* ViewController.swift in Sources */,
				0309FC7228156174008F23FA /* AppDelegate.swift in Sources */,
				0309FCA2281561EB008F23FA /* Countries.swift in Sources */,
				0309FC7428156174008F23FA /* SceneDelegate.swift in Sources */,
				0309FCA428156374008F23FA /* UlkeCollectionViewCell.swift in Sources */,
			);
			runOnlyForDeploymentPostprocessing = 0;
		};
		0309FC8028156175008F23FA /* Sources */ = {
			isa = PBXSourcesBuildPhase;
			buildActionMask = 2147483647;
			files = (
				0309FC8928156175008F23FA /* CollectionViewUsageTests.swift in Sources */,
			);
			runOnlyForDeploymentPostprocessing = 0;
		};
		0309FC8A28156175008F23FA /* Sources */ = {
			isa = PBXSourcesBuildPhase;
			buildActionMask = 2147483647;
			files = (
				0309FC9328156175008F23FA /* CollectionViewUsageUITests.swift in Sources */,
				0309FC9528156175008F23FA /* CollectionViewUsageUITestsLaunchTests.swift in Sources */,
			);
			runOnlyForDeploymentPostprocessing = 0;
		};
/* End PBXSourcesBuildPhase section */

/* Begin PBXTargetDependency section */
		0309FC8628156175008F23FA /* PBXTargetDependency */ = {
			isa = PBXTargetDependency;
			target = 0309FC6D28156174008F23FA /* CollectionViewUsage */;
			targetProxy = 0309FC8528156175008F23FA /* PBXContainerItemProxy */;
		};
		0309FC9028156175008F23FA /* PBXTargetDependency */ = {
			isa = PBXTargetDependency;
			target = 0309FC6D28156174008F23FA /* CollectionViewUsage */;
			targetProxy = 0309FC8F28156175008F23FA /* PBXContainerItemProxy */;
		};
/* End PBXTargetDependency section */

/* Begin PBXVariantGroup section */
		0309FC7728156174008F23FA /* Main.storyboard */ = {
			isa = PBXVariantGroup;
			children = (
				0309FC7828156174008F23FA /* Base */,
			);
			name = Main.storyboard;
			sourceTree = "<group>";
		};
		0309FC7C28156175008F23FA /* LaunchScreen.storyboard */ = {
			isa = PBXVariantGroup;
			children = (
				0309FC7D28156175008F23FA /* Base */,
			);
			name = LaunchScreen.storyboard;
			sourceTree = "<group>";
		};
/* End PBXVariantGroup section */

/* Begin XCBuildConfiguration section */
		0309FC9628156175008F23FA /* Debug */ = {
			isa = XCBuildConfiguration;
			buildSettings = {
				ALWAYS_SEARCH_USER_PATHS = NO;
				CLANG_ANALYZER_NONNULL = YES;
				CLANG_ANALYZER_NUMBER_OBJECT_CONVERSION = YES_AGGRESSIVE;
				CLANG_CXX_LANGUAGE_STANDARD = "gnu++17";
				CLANG_ENABLE_MODULES = YES;
				CLANG_ENABLE_OBJC_ARC = YES;
				CLANG_ENABLE_OBJC_WEAK = YES;
				CLANG_WARN_BLOCK_CAPTURE_AUTORELEASING = YES;
				CLANG_WARN_BOOL_CONVERSION = YES;
				CLANG_WARN_COMMA = YES;
				CLANG_WARN_CONSTANT_CONVERSION = YES;
				CLANG_WARN_DEPRECATED_OBJC_IMPLEMENTATIONS = YES;
				CLANG_WARN_DIRECT_OBJC_ISA_USAGE = YES_ERROR;
				CLANG_WARN_DOCUMENTATION_COMMENTS = YES;
				CLANG_WARN_EMPTY_BODY = YES;
				CLANG_WARN_ENUM_CONVERSION = YES;
				CLANG_WARN_INFINITE_RECURSION = YES;
				CLANG_WARN_INT_CONVERSION = YES;
				CLANG_WARN_NON_LITERAL_NULL_CONVERSION = YES;
				CLANG_WARN_OBJC_IMPLICIT_RETAIN_SELF = YES;
				CLANG_WARN_OBJC_LITERAL_CONVERSION = YES;
				CLANG_WARN_OBJC_ROOT_CLASS = YES_ERROR;
				CLANG_WARN_QUOTED_INCLUDE_IN_FRAMEWORK_HEADER = YES;
				CLANG_WARN_RANGE_LOOP_ANALYSIS = YES;
				CLANG_WARN_STRICT_PROTOTYPES = YES;
				CLANG_WARN_SUSPICIOUS_MOVE = YES;
				CLANG_WARN_UNGUARDED_AVAILABILITY = YES_AGGRESSIVE;
				CLANG_WARN_UNREACHABLE_CODE = YES;
				CLANG_WARN__DUPLICATE_METHOD_MATCH = YES;
				COPY_PHASE_STRIP = NO;
				DEBUG_INFORMATION_FORMAT = dwarf;
				ENABLE_STRICT_OBJC_MSGSEND = YES;
				ENABLE_TESTABILITY = YES;
				GCC_C_LANGUAGE_STANDARD = gnu11;
				GCC_DYNAMIC_NO_PIC = NO;
				GCC_NO_COMMON_BLOCKS = YES;
				GCC_OPTIMIZATION_LEVEL = 0;
				GCC_PREPROCESSOR_DEFINITIONS = (
					"DEBUG=1",
					"$(inherited)",
				);
				GCC_WARN_64_TO_32_BIT_CONVERSION = YES;
				GCC_WARN_ABOUT_RETURN_TYPE = YES_ERROR;
				GCC_WARN_UNDECLARED_SELECTOR = YES;
				GCC_WARN_UNINITIALIZED_AUTOS = YES_AGGRESSIVE;
				GCC_WARN_UNUSED_FUNCTION = YES;
				GCC_WARN_UNUSED_VARIABLE = YES;
				IPHONEOS_DEPLOYMENT_TARGET = 15.4;
				MTL_ENABLE_DEBUG_INFO = INCLUDE_SOURCE;
				MTL_FAST_MATH = YES;
				ONLY_ACTIVE_ARCH = YES;
				SDKROOT = iphoneos;
				SWIFT_ACTIVE_COMPILATION_CONDITIONS = DEBUG;
				SWIFT_OPTIMIZATION_LEVEL = "-Onone";
			};
			name = Debug;
		};
		0309FC9728156175008F23FA /* Release */ = {
			isa = XCBuildConfiguration;
			buildSettings = {
				ALWAYS_SEARCH_USER_PATHS = NO;
				CLANG_ANALYZER_NONNULL = YES;
				CLANG_ANALYZER_NUMBER_OBJECT_CONVERSION = YES_AGGRESSIVE;
				CLANG_CXX_LANGUAGE_STANDARD = "gnu++17";
				CLANG_ENABLE_MODULES = YES;
				CLANG_ENABLE_OBJC_ARC = YES;
				CLANG_ENABLE_OBJC_WEAK = YES;
				CLANG_WARN_BLOCK_CAPTURE_AUTORELEASING = YES;
				CLANG_WARN_BOOL_CONVERSION = YES;
				CLANG_WARN_COMMA = YES;
				CLANG_WARN_CONSTANT_CONVERSION = YES;
				CLANG_WARN_DEPRECATED_OBJC_IMPLEMENTATIONS = YES;
				CLANG_WARN_DIRECT_OBJC_ISA_USAGE = YES_ERROR;
				CLANG_WARN_DOCUMENTATION_COMMENTS = YES;
				CLANG_WARN_EMPTY_BODY = YES;
				CLANG_WARN_ENUM_CONVERSION = YES;
				CLANG_WARN_INFINITE_RECURSION = YES;
				CLANG_WARN_INT_CONVERSION = YES;
				CLANG_WARN_NON_LITERAL_NULL_CONVERSION = YES;
				CLANG_WARN_OBJC_IMPLICIT_RETAIN_SELF = YES;
				CLANG_WARN_OBJC_LITERAL_CONVERSION = YES;
				CLANG_WARN_OBJC_ROOT_CLASS = YES_ERROR;
				CLANG_WARN_QUOTED_INCLUDE_IN_FRAMEWORK_HEADER = YES;
				CLANG_WARN_RANGE_LOOP_ANALYSIS = YES;
				CLANG_WARN_STRICT_PROTOTYPES = YES;
				CLANG_WARN_SUSPICIOUS_MOVE = YES;
				CLANG_WARN_UNGUARDED_AVAILABILITY = YES_AGGRESSIVE;
				CLANG_WARN_UNREACHABLE_CODE = YES;
				CLANG_WARN__DUPLICATE_METHOD_MATCH = YES;
				COPY_PHASE_STRIP = NO;
				DEBUG_INFORMATION_FORMAT = "dwarf-with-dsym";
				ENABLE_NS_ASSERTIONS = NO;
				ENABLE_STRICT_OBJC_MSGSEND = YES;
				GCC_C_LANGUAGE_STANDARD = gnu11;
				GCC_NO_COMMON_BLOCKS = YES;
				GCC_WARN_64_TO_32_BIT_CONVERSION = YES;
				GCC_WARN_ABOUT_RETURN_TYPE = YES_ERROR;
				GCC_WARN_UNDECLARED_SELECTOR = YES;
				GCC_WARN_UNINITIALIZED_AUTOS = YES_AGGRESSIVE;
				GCC_WARN_UNUSED_FUNCTION = YES;
				GCC_WARN_UNUSED_VARIABLE = YES;
				IPHONEOS_DEPLOYMENT_TARGET = 15.4;
				MTL_ENABLE_DEBUG_INFO = NO;
				MTL_FAST_MATH = YES;
				SDKROOT = iphoneos;
				SWIFT_COMPILATION_MODE = wholemodule;
				SWIFT_OPTIMIZATION_LEVEL = "-O";
				VALIDATE_PRODUCT = YES;
			};
			name = Release;
		};
		0309FC9928156175008F23FA /* Debug */ = {
			isa = XCBuildConfiguration;
			buildSettings = {
				ASSETCATALOG_COMPILER_APPICON_NAME = AppIcon;
				ASSETCATALOG_COMPILER_GLOBAL_ACCENT_COLOR_NAME = AccentColor;
				CODE_SIGN_STYLE = Automatic;
				CURRENT_PROJECT_VERSION = 1;
				GENERATE_INFOPLIST_FILE = YES;
				INFOPLIST_FILE = CollectionViewUsage/Info.plist;
				INFOPLIST_KEY_UIApplicationSupportsIndirectInputEvents = YES;
				INFOPLIST_KEY_UILaunchStoryboardName = LaunchScreen;
				INFOPLIST_KEY_UIMainStoryboardFile = Main;
				INFOPLIST_KEY_UISupportedInterfaceOrientations_iPad = "UIInterfaceOrientationPortrait UIInterfaceOrientationPortraitUpsideDown UIInterfaceOrientationLandscapeLeft UIInterfaceOrientationLandscapeRight";
				INFOPLIST_KEY_UISupportedInterfaceOrientations_iPhone = "UIInterfaceOrientationPortrait UIInterfaceOrientationLandscapeLeft UIInterfaceOrientationLandscapeRight";
				LD_RUNPATH_SEARCH_PATHS = (
					"$(inherited)",
					"@executable_path/Frameworks",
				);
				MARKETING_VERSION = 1.0;
				PRODUCT_BUNDLE_IDENTIFIER = com.info.CollectionViewUsage;
				PRODUCT_NAME = "$(TARGET_NAME)";
				SWIFT_EMIT_LOC_STRINGS = YES;
				SWIFT_VERSION = 5.0;
				TARGETED_DEVICE_FAMILY = "1,2";
			};
			name = Debug;
		};
		0309FC9A28156175008F23FA /* Release */ = {
			isa = XCBuildConfiguration;
			buildSettings = {
				ASSETCATALOG_COMPILER_APPICON_NAME = AppIcon;
				ASSETCATALOG_COMPILER_GLOBAL_ACCENT_COLOR_NAME = AccentColor;
				CODE_SIGN_STYLE = Automatic;
				CURRENT_PROJECT_VERSION = 1;
				GENERATE_INFOPLIST_FILE = YES;
				INFOPLIST_FILE = CollectionViewUsage/Info.plist;
				INFOPLIST_KEY_UIApplicationSupportsIndirectInputEvents = YES;
				INFOPLIST_KEY_UILaunchStoryboardName = LaunchScreen;
				INFOPLIST_KEY_UIMainStoryboardFile = Main;
				INFOPLIST_KEY_UISupportedInterfaceOrientations_iPad = "UIInterfaceOrientationPortrait UIInterfaceOrientationPortraitUpsideDown UIInterfaceOrientationLandscapeLeft UIInterfaceOrientationLandscapeRight";
				INFOPLIST_KEY_UISupportedInterfaceOrientations_iPhone = "UIInterfaceOrientationPortrait UIInterfaceOrientationLandscapeLeft UIInterfaceOrientationLandscapeRight";
				LD_RUNPATH_SEARCH_PATHS = (
					"$(inherited)",
					"@executable_path/Frameworks",
				);
				MARKETING_VERSION = 1.0;
				PRODUCT_BUNDLE_IDENTIFIER = com.info.CollectionViewUsage;
				PRODUCT_NAME = "$(TARGET_NAME)";
				SWIFT_EMIT_LOC_STRINGS = YES;
				SWIFT_VERSION = 5.0;
				TARGETED_DEVICE_FAMILY = "1,2";
			};
			name = Release;
		};
		0309FC9C28156175008F23FA /* Debug */ = {
			isa = XCBuildConfiguration;
			buildSettings = {
				ALWAYS_EMBED_SWIFT_STANDARD_LIBRARIES = YES;
				BUNDLE_LOADER = "$(TEST_HOST)";
				CODE_SIGN_STYLE = Automatic;
				CURRENT_PROJECT_VERSION = 1;
				GENERATE_INFOPLIST_FILE = YES;
				IPHONEOS_DEPLOYMENT_TARGET = 15.4;
				MARKETING_VERSION = 1.0;
				PRODUCT_BUNDLE_IDENTIFIER = com.info.CollectionViewUsageTests;
				PRODUCT_NAME = "$(TARGET_NAME)";
				SWIFT_EMIT_LOC_STRINGS = NO;
				SWIFT_VERSION = 5.0;
				TARGETED_DEVICE_FAMILY = "1,2";
				TEST_HOST = "$(BUILT_PRODUCTS_DIR)/CollectionViewUsage.app/CollectionViewUsage";
			};
			name = Debug;
		};
		0309FC9D28156175008F23FA /* Release */ = {
			isa = XCBuildConfiguration;
			buildSettings = {
				ALWAYS_EMBED_SWIFT_STANDARD_LIBRARIES = YES;
				BUNDLE_LOADER = "$(TEST_HOST)";
				CODE_SIGN_STYLE = Automatic;
				CURRENT_PROJECT_VERSION = 1;
				GENERATE_INFOPLIST_FILE = YES;
				IPHONEOS_DEPLOYMENT_TARGET = 15.4;
				MARKETING_VERSION = 1.0;
				PRODUCT_BUNDLE_IDENTIFIER = com.info.CollectionViewUsageTests;
				PRODUCT_NAME = "$(TARGET_NAME)";
				SWIFT_EMIT_LOC_STRINGS = NO;
				SWIFT_VERSION = 5.0;
				TARGETED_DEVICE_FAMILY = "1,2";
				TEST_HOST = "$(BUILT_PRODUCTS_DIR)/CollectionViewUsage.app/CollectionViewUsage";
			};
			name = Release;
		};
		0309FC9F28156175008F23FA /* Debug */ = {
			isa = XCBuildConfiguration;
			buildSettings = {
				ALWAYS_EMBED_SWIFT_STANDARD_LIBRARIES = YES;
				CODE_SIGN_STYLE = Automatic;
				CURRENT_PROJECT_VERSION = 1;
				GENERATE_INFOPLIST_FILE = YES;
				MARKETING_VERSION = 1.0;
				PRODUCT_BUNDLE_IDENTIFIER = com.info.CollectionViewUsageUITests;
				PRODUCT_NAME = "$(TARGET_NAME)";
				SWIFT_EMIT_LOC_STRINGS = NO;
				SWIFT_VERSION = 5.0;
				TARGETED_DEVICE_FAMILY = "1,2";
				TEST_TARGET_NAME = CollectionViewUsage;
			};
			name = Debug;
		};
		0309FCA028156175008F23FA /* Release */ = {
			isa = XCBuildConfiguration;
			buildSettings = {
				ALWAYS_EMBED_SWIFT_STANDARD_LIBRARIES = YES;
				CODE_SIGN_STYLE = Automatic;
				CURRENT_PROJECT_VERSION = 1;
				GENERATE_INFOPLIST_FILE = YES;
				MARKETING_VERSION = 1.0;
				PRODUCT_BUNDLE_IDENTIFIER = com.info.CollectionViewUsageUITests;
				PRODUCT_NAME = "$(TARGET_NAME)";
				SWIFT_EMIT_LOC_STRINGS = NO;
				SWIFT_VERSION = 5.0;
				TARGETED_DEVICE_FAMILY = "1,2";
				TEST_TARGET_NAME = CollectionViewUsage;
			};
			name = Release;
		};
/* End XCBuildConfiguration section */

/* Begin XCConfigurationList section */
		0309FC6928156174008F23FA /* Build configuration list for PBXProject "CollectionViewUsage" */ = {
			isa = XCConfigurationList;
			buildConfigurations = (
				0309FC9628156175008F23FA /* Debug */,
				0309FC9728156175008F23FA /* Release */,
			);
			defaultConfigurationIsVisible = 0;
			defaultConfigurationName = Release;
		};
		0309FC9828156175008F23FA /* Build configuration list for PBXNativeTarget "CollectionViewUsage" */ = {
			isa = XCConfigurationList;
			buildConfigurations = (
				0309FC9928156175008F23FA /* Debug */,
				0309FC9A28156175008F23FA /* Release */,
			);
			defaultConfigurationIsVisible = 0;
			defaultConfigurationName = Release;
		};
		0309FC9B28156175008F23FA /* Build configuration list for PBXNativeTarget "CollectionViewUsageTests" */ = {
			isa = XCConfigurationList;
			buildConfigurations = (
				0309FC9C28156175008F23FA /* Debug */,
				0309FC9D28156175008F23FA /* Release */,
			);
			defaultConfigurationIsVisible = 0;
			defaultConfigurationName = Release;
		};
		0309FC9E28156175008F23FA /* Build configuration list for PBXNativeTarget "CollectionViewUsageUITests" */ = {
			isa = XCConfigurationList;
			buildConfigurations = (
				0309FC9F28156175008F23FA /* Debug */,
				0309FCA028156175008F23FA /* Release */,
			);
			defaultConfigurationIsVisible = 0;
			defaultConfigurationName = Release;
		};
/* End XCConfigurationList section */
	};
	rootObject = 0309FC6628156174008F23FA /* Project object */;
}
