// !$*UTF8*$!
{
	archiveVersion = 1;
	classes = {
	};
	objectVersion = 55;
	objects = {

/* Begin PBXBuildFile section */
		03B66EDD281D305F007F8D7A /* AppDelegate.swift in Sources */ = {isa = PBXBuildFile; fileRef = 03B66EDC281D305F007F8D7A /* AppDelegate.swift */; };
		03B66EDF281D305F007F8D7A /* SceneDelegate.swift in Sources */ = {isa = PBXBuildFile; fileRef = 03B66EDE281D305F007F8D7A /* SceneDelegate.swift */; };
		03B66EE1281D305F007F8D7A /* ViewController.swift in Sources */ = {isa = PBXBuildFile; fileRef = 03B66EE0281D305F007F8D7A /* ViewController.swift */; };
		03B66EE4281D305F007F8D7A /* Main.storyboard in Resources */ = {isa = PBXBuildFile; fileRef = 03B66EE2281D305F007F8D7A /* Main.storyboard */; };
		03B66EE6281D3062007F8D7A /* Assets.xcassets in Resources */ = {isa = PBXBuildFile; fileRef = 03B66EE5281D3062007F8D7A /* Assets.xcassets */; };
		03B66EE9281D3062007F8D7A /* LaunchScreen.storyboard in Resources */ = {isa = PBXBuildFile; fileRef = 03B66EE7281D3062007F8D7A /* LaunchScreen.storyboard */; };
		03B66EF4281D3062007F8D7A /* ProtocolKullanimiTests.swift in Sources */ = {isa = PBXBuildFile; fileRef = 03B66EF3281D3062007F8D7A /* ProtocolKullanimiTests.swift */; };
		03B66EFE281D3062007F8D7A /* ProtocolKullanimiUITests.swift in Sources */ = {isa = PBXBuildFile; fileRef = 03B66EFD281D3062007F8D7A /* ProtocolKullanimiUITests.swift */; };
		03B66F00281D3062007F8D7A /* ProtocolKullanimiUITestsLaunchTests.swift in Sources */ = {isa = PBXBuildFile; fileRef = 03B66EFF281D3062007F8D7A /* ProtocolKullanimiUITestsLaunchTests.swift */; };
		03B66F49281D3A44007F8D7A /* DetayVC.swift in Sources */ = {isa = PBXBuildFile; fileRef = 03B66F48281D3A44007F8D7A /* DetayVC.swift */; };
		03B66F4B281D4208007F8D7A /* Protocols.swift in Sources */ = {isa = PBXBuildFile; fileRef = 03B66F4A281D4208007F8D7A /* Protocols.swift */; };
/* End PBXBuildFile section */

/* Begin PBXContainerItemProxy section */
		03B66EF0281D3062007F8D7A /* PBXContainerItemProxy */ = {
			isa = PBXContainerItemProxy;
			containerPortal = 03B66ED1281D305F007F8D7A /* Project object */;
			proxyType = 1;
			remoteGlobalIDString = 03B66ED8281D305F007F8D7A;
			remoteInfo = ProtocolKullanimi;
		};
		03B66EFA281D3062007F8D7A /* PBXContainerItemProxy */ = {
			isa = PBXContainerItemProxy;
			containerPortal = 03B66ED1281D305F007F8D7A /* Project object */;
			proxyType = 1;
			remoteGlobalIDString = 03B66ED8281D305F007F8D7A;
			remoteInfo = ProtocolKullanimi;
		};
/* End PBXContainerItemProxy section */

/* Begin PBXFileReference section */
		03B66ED9281D305F007F8D7A /* ProtocolKullanimi.app */ = {isa = PBXFileReference; explicitFileType = wrapper.application; includeInIndex = 0; path = ProtocolKullanimi.app; sourceTree = BUILT_PRODUCTS_DIR; };
		03B66EDC281D305F007F8D7A /* AppDelegate.swift */ = {isa = PBXFileReference; lastKnownFileType = sourcecode.swift; path = AppDelegate.swift; sourceTree = "<group>"; };
		03B66EDE281D305F007F8D7A /* SceneDelegate.swift */ = {isa = PBXFileReference; lastKnownFileType = sourcecode.swift; path = SceneDelegate.swift; sourceTree = "<group>"; };
		03B66EE0281D305F007F8D7A /* ViewController.swift */ = {isa = PBXFileReference; lastKnownFileType = sourcecode.swift; path = ViewController.swift; sourceTree = "<group>"; };
		03B66EE3281D305F007F8D7A /* Base */ = {isa = PBXFileReference; lastKnownFileType = file.storyboard; name = Base; path = Base.lproj/Main.storyboard; sourceTree = "<group>"; };
		03B66EE5281D3062007F8D7A /* Assets.xcassets */ = {isa = PBXFileReference; lastKnownFileType = folder.assetcatalog; path = Assets.xcassets; sourceTree = "<group>"; };
		03B66EE8281D3062007F8D7A /* Base */ = {isa = PBXFileReference; lastKnownFileType = file.storyboard; name = Base; path = Base.lproj/LaunchScreen.storyboard; sourceTree = "<group>"; };
		03B66EEA281D3062007F8D7A /* Info.plist */ = {isa = PBXFileReference; lastKnownFileType = text.plist.xml; path = Info.plist; sourceTree = "<group>"; };
		03B66EEF281D3062007F8D7A /* ProtocolKullanimiTests.xctest */ = {isa = PBXFileReference; explicitFileType = wrapper.cfbundle; includeInIndex = 0; path = ProtocolKullanimiTests.xctest; sourceTree = BUILT_PRODUCTS_DIR; };
		03B66EF3281D3062007F8D7A /* ProtocolKullanimiTests.swift */ = {isa = PBXFileReference; lastKnownFileType = sourcecode.swift; path = ProtocolKullanimiTests.swift; sourceTree = "<group>"; };
		03B66EF9281D3062007F8D7A /* ProtocolKullanimiUITests.xctest */ = {isa = PBXFileReference; explicitFileType = wrapper.cfbundle; includeInIndex = 0; path = ProtocolKullanimiUITests.xctest; sourceTree = BUILT_PRODUCTS_DIR; };
		03B66EFD281D3062007F8D7A /* ProtocolKullanimiUITests.swift */ = {isa = PBXFileReference; lastKnownFileType = sourcecode.swift; path = ProtocolKullanimiUITests.swift; sourceTree = "<group>"; };
		03B66EFF281D3062007F8D7A /* ProtocolKullanimiUITestsLaunchTests.swift */ = {isa = PBXFileReference; lastKnownFileType = sourcecode.swift; path = ProtocolKullanimiUITestsLaunchTests.swift; sourceTree = "<group>"; };
		03B66F48281D3A44007F8D7A /* DetayVC.swift */ = {isa = PBXFileReference; lastKnownFileType = sourcecode.swift; path = DetayVC.swift; sourceTree = "<group>"; };
		03B66F4A281D4208007F8D7A /* Protocols.swift */ = {isa = PBXFileReference; lastKnownFileType = sourcecode.swift; path = Protocols.swift; sourceTree = "<group>"; };
/* End PBXFileReference section */

/* Begin PBXFrameworksBuildPhase section */
		03B66ED6281D305F007F8D7A /* Frameworks */ = {
			isa = PBXFrameworksBuildPhase;
			buildActionMask = 2147483647;
			files = (
			);
			runOnlyForDeploymentPostprocessing = 0;
		};
		03B66EEC281D3062007F8D7A /* Frameworks */ = {
			isa = PBXFrameworksBuildPhase;
			buildActionMask = 2147483647;
			files = (
			);
			runOnlyForDeploymentPostprocessing = 0;
		};
		03B66EF6281D3062007F8D7A /* Frameworks */ = {
			isa = PBXFrameworksBuildPhase;
			buildActionMask = 2147483647;
			files = (
			);
			runOnlyForDeploymentPostprocessing = 0;
		};
/* End PBXFrameworksBuildPhase section */

/* Begin PBXGroup section */
		03B66ED0281D305F007F8D7A = {
			isa = PBXGroup;
			children = (
				03B66EDB281D305F007F8D7A /* ProtocolKullanimi */,
				03B66EF2281D3062007F8D7A /* ProtocolKullanimiTests */,
				03B66EFC281D3062007F8D7A /* ProtocolKullanimiUITests */,
				03B66EDA281D305F007F8D7A /* Products */,
			);
			sourceTree = "<group>";
		};
		03B66EDA281D305F007F8D7A /* Products */ = {
			isa = PBXGroup;
			children = (
				03B66ED9281D305F007F8D7A /* ProtocolKullanimi.app */,
				03B66EEF281D3062007F8D7A /* ProtocolKullanimiTests.xctest */,
				03B66EF9281D3062007F8D7A /* ProtocolKullanimiUITests.xctest */,
			);
			name = Products;
			sourceTree = "<group>";
		};
		03B66EDB281D305F007F8D7A /* ProtocolKullanimi */ = {
			isa = PBXGroup;
			children = (
				03B66EDC281D305F007F8D7A /* AppDelegate.swift */,
				03B66EDE281D305F007F8D7A /* SceneDelegate.swift */,
				03B66EE0281D305F007F8D7A /* ViewController.swift */,
				03B66F4A281D4208007F8D7A /* Protocols.swift */,
				03B66EE2281D305F007F8D7A /* Main.storyboard */,
				03B66F48281D3A44007F8D7A /* DetayVC.swift */,
				03B66EE5281D3062007F8D7A /* Assets.xcassets */,
				03B66EE7281D3062007F8D7A /* LaunchScreen.storyboard */,
				03B66EEA281D3062007F8D7A /* Info.plist */,
			);
			path = ProtocolKullanimi;
			sourceTree = "<group>";
		};
		03B66EF2281D3062007F8D7A /* ProtocolKullanimiTests */ = {
			isa = PBXGroup;
			children = (
				03B66EF3281D3062007F8D7A /* ProtocolKullanimiTests.swift */,
			);
			path = ProtocolKullanimiTests;
			sourceTree = "<group>";
		};
		03B66EFC281D3062007F8D7A /* ProtocolKullanimiUITests */ = {
			isa = PBXGroup;
			children = (
				03B66EFD281D3062007F8D7A /* ProtocolKullanimiUITests.swift */,
				03B66EFF281D3062007F8D7A /* ProtocolKullanimiUITestsLaunchTests.swift */,
			);
			path = ProtocolKullanimiUITests;
			sourceTree = "<group>";
		};
/* End PBXGroup section */

/* Begin PBXNativeTarget section */
		03B66ED8281D305F007F8D7A /* ProtocolKullanimi */ = {
			isa = PBXNativeTarget;
			buildConfigurationList = 03B66F03281D3062007F8D7A /* Build configuration list for PBXNativeTarget "ProtocolKullanimi" */;
			buildPhases = (
				03B66ED5281D305F007F8D7A /* Sources */,
				03B66ED6281D305F007F8D7A /* Frameworks */,
				03B66ED7281D305F007F8D7A /* Resources */,
			);
			buildRules = (
			);
			dependencies = (
			);
			name = ProtocolKullanimi;
			productName = ProtocolKullanimi;
			productReference = 03B66ED9281D305F007F8D7A /* ProtocolKullanimi.app */;
			productType = "com.apple.product-type.application";
		};
		03B66EEE281D3062007F8D7A /* ProtocolKullanimiTests */ = {
			isa = PBXNativeTarget;
			buildConfigurationList = 03B66F06281D3062007F8D7A /* Build configuration list for PBXNativeTarget "ProtocolKullanimiTests" */;
			buildPhases = (
				03B66EEB281D3062007F8D7A /* Sources */,
				03B66EEC281D3062007F8D7A /* Frameworks */,
				03B66EED281D3062007F8D7A /* Resources */,
			);
			buildRules = (
			);
			dependencies = (
				03B66EF1281D3062007F8D7A /* PBXTargetDependency */,
			);
			name = ProtocolKullanimiTests;
			productName = ProtocolKullanimiTests;
			productReference = 03B66EEF281D3062007F8D7A /* ProtocolKullanimiTests.xctest */;
			productType = "com.apple.product-type.bundle.unit-test";
		};
		03B66EF8281D3062007F8D7A /* ProtocolKullanimiUITests */ = {
			isa = PBXNativeTarget;
			buildConfigurationList = 03B66F09281D3062007F8D7A /* Build configuration list for PBXNativeTarget "ProtocolKullanimiUITests" */;
			buildPhases = (
				03B66EF5281D3062007F8D7A /* Sources */,
				03B66EF6281D3062007F8D7A /* Frameworks */,
				03B66EF7281D3062007F8D7A /* Resources */,
			);
			buildRules = (
			);
			dependencies = (
				03B66EFB281D3062007F8D7A /* PBXTargetDependency */,
			);
			name = ProtocolKullanimiUITests;
			productName = ProtocolKullanimiUITests;
			productReference = 03B66EF9281D3062007F8D7A /* ProtocolKullanimiUITests.xctest */;
			productType = "com.apple.product-type.bundle.ui-testing";
		};
/* End PBXNativeTarget section */

/* Begin PBXProject section */
		03B66ED1281D305F007F8D7A /* Project object */ = {
			isa = PBXProject;
			attributes = {
				BuildIndependentTargetsInParallel = 1;
				LastSwiftUpdateCheck = 1330;
				LastUpgradeCheck = 1330;
				TargetAttributes = {
					03B66ED8281D305F007F8D7A = {
						CreatedOnToolsVersion = 13.3.1;
					};
					03B66EEE281D3062007F8D7A = {
						CreatedOnToolsVersion = 13.3.1;
						TestTargetID = 03B66ED8281D305F007F8D7A;
					};
					03B66EF8281D3062007F8D7A = {
						CreatedOnToolsVersion = 13.3.1;
						TestTargetID = 03B66ED8281D305F007F8D7A;
					};
				};
			};
			buildConfigurationList = 03B66ED4281D305F007F8D7A /* Build configuration list for PBXProject "ProtocolKullanimi" */;
			compatibilityVersion = "Xcode 13.0";
			developmentRegion = en;
			hasScannedForEncodings = 0;
			knownRegions = (
				en,
				Base,
			);
			mainGroup = 03B66ED0281D305F007F8D7A;
			productRefGroup = 03B66EDA281D305F007F8D7A /* Products */;
			projectDirPath = "";
			projectRoot = "";
			targets = (
				03B66ED8281D305F007F8D7A /* ProtocolKullanimi */,
				03B66EEE281D3062007F8D7A /* ProtocolKullanimiTests */,
				03B66EF8281D3062007F8D7A /* ProtocolKullanimiUITests */,
			);
		};
/* End PBXProject section */

/* Begin PBXResourcesBuildPhase section */
		03B66ED7281D305F007F8D7A /* Resources */ = {
			isa = PBXResourcesBuildPhase;
			buildActionMask = 2147483647;
			files = (
				03B66EE9281D3062007F8D7A /* LaunchScreen.storyboard in Resources */,
				03B66EE6281D3062007F8D7A /* Assets.xcassets in Resources */,
				03B66EE4281D305F007F8D7A /* Main.storyboard in Resources */,
			);
			runOnlyForDeploymentPostprocessing = 0;
		};
		03B66EED281D3062007F8D7A /* Resources */ = {
			isa = PBXResourcesBuildPhase;
			buildActionMask = 2147483647;
			files = (
			);
			runOnlyForDeploymentPostprocessing = 0;
		};
		03B66EF7281D3062007F8D7A /* Resources */ = {
			isa = PBXResourcesBuildPhase;
			buildActionMask = 2147483647;
			files = (
			);
			runOnlyForDeploymentPostprocessing = 0;
		};
/* End PBXResourcesBuildPhase section */

/* Begin PBXSourcesBuildPhase section */
		03B66ED5281D305F007F8D7A /* Sources */ = {
			isa = PBXSourcesBuildPhase;
			buildActionMask = 2147483647;
			files = (
				03B66F4B281D4208007F8D7A /* Protocols.swift in Sources */,
				03B66F49281D3A44007F8D7A /* DetayVC.swift in Sources */,
				03B66EE1281D305F007F8D7A /* ViewController.swift in Sources */,
				03B66EDD281D305F007F8D7A /* AppDelegate.swift in Sources */,
				03B66EDF281D305F007F8D7A /* SceneDelegate.swift in Sources */,
			);
			runOnlyForDeploymentPostprocessing = 0;
		};
		03B66EEB281D3062007F8D7A /* Sources */ = {
			isa = PBXSourcesBuildPhase;
			buildActionMask = 2147483647;
			files = (
				03B66EF4281D3062007F8D7A /* ProtocolKullanimiTests.swift in Sources */,
			);
			runOnlyForDeploymentPostprocessing = 0;
		};
		03B66EF5281D3062007F8D7A /* Sources */ = {
			isa = PBXSourcesBuildPhase;
			buildActionMask = 2147483647;
			files = (
				03B66EFE281D3062007F8D7A /* ProtocolKullanimiUITests.swift in Sources */,
				03B66F00281D3062007F8D7A /* ProtocolKullanimiUITestsLaunchTests.swift in Sources */,
			);
			runOnlyForDeploymentPostprocessing = 0;
		};
/* End PBXSourcesBuildPhase section */

/* Begin PBXTargetDependency section */
		03B66EF1281D3062007F8D7A /* PBXTargetDependency */ = {
			isa = PBXTargetDependency;
			target = 03B66ED8281D305F007F8D7A /* ProtocolKullanimi */;
			targetProxy = 03B66EF0281D3062007F8D7A /* PBXContainerItemProxy */;
		};
		03B66EFB281D3062007F8D7A /* PBXTargetDependency */ = {
			isa = PBXTargetDependency;
			target = 03B66ED8281D305F007F8D7A /* ProtocolKullanimi */;
			targetProxy = 03B66EFA281D3062007F8D7A /* PBXContainerItemProxy */;
		};
/* End PBXTargetDependency section */

/* Begin PBXVariantGroup section */
		03B66EE2281D305F007F8D7A /* Main.storyboard */ = {
			isa = PBXVariantGroup;
			children = (
				03B66EE3281D305F007F8D7A /* Base */,
			);
			name = Main.storyboard;
			sourceTree = "<group>";
		};
		03B66EE7281D3062007F8D7A /* LaunchScreen.storyboard */ = {
			isa = PBXVariantGroup;
			children = (
				03B66EE8281D3062007F8D7A /* Base */,
			);
			name = LaunchScreen.storyboard;
			sourceTree = "<group>";
		};
/* End PBXVariantGroup section */

/* Begin XCBuildConfiguration section */
		03B66F01281D3062007F8D7A /* Debug */ = {
			isa = XCBuildConfiguration;
			buildSettings = {
				ALWAYS_SEARCH_USER_PATHS = NO;
				CLANG_ANALYZER_NONNULL = YES;
				CLANG_ANALYZER_NUMBER_OBJECT_CONVERSION = YES_AGGRESSIVE;
				CLANG_CXX_LANGUAGE_STANDARD = "gnu++17";
				CLANG_ENABLE_MODULES = YES;
				CLANG_ENABLE_OBJC_ARC = YES;
				CLANG_ENABLE_OBJC_WEAK = YES;
				CLANG_WARN_BLOCK_CAPTURE_AUTORELEASING = YES;
				CLANG_WARN_BOOL_CONVERSION = YES;
				CLANG_WARN_COMMA = YES;
				CLANG_WARN_CONSTANT_CONVERSION = YES;
				CLANG_WARN_DEPRECATED_OBJC_IMPLEMENTATIONS = YES;
				CLANG_WARN_DIRECT_OBJC_ISA_USAGE = YES_ERROR;
				CLANG_WARN_DOCUMENTATION_COMMENTS = YES;
				CLANG_WARN_EMPTY_BODY = YES;
				CLANG_WARN_ENUM_CONVERSION = YES;
				CLANG_WARN_INFINITE_RECURSION = YES;
				CLANG_WARN_INT_CONVERSION = YES;
				CLANG_WARN_NON_LITERAL_NULL_CONVERSION = YES;
				CLANG_WARN_OBJC_IMPLICIT_RETAIN_SELF = YES;
				CLANG_WARN_OBJC_LITERAL_CONVERSION = YES;
				CLANG_WARN_OBJC_ROOT_CLASS = YES_ERROR;
				CLANG_WARN_QUOTED_INCLUDE_IN_FRAMEWORK_HEADER = YES;
				CLANG_WARN_RANGE_LOOP_ANALYSIS = YES;
				CLANG_WARN_STRICT_PROTOTYPES = YES;
				CLANG_WARN_SUSPICIOUS_MOVE = YES;
				CLANG_WARN_UNGUARDED_AVAILABILITY = YES_AGGRESSIVE;
				CLANG_WARN_UNREACHABLE_CODE = YES;
				CLANG_WARN__DUPLICATE_METHOD_MATCH = YES;
				COPY_PHASE_STRIP = NO;
				DEBUG_INFORMATION_FORMAT = dwarf;
				ENABLE_STRICT_OBJC_MSGSEND = YES;
				ENABLE_TESTABILITY = YES;
				GCC_C_LANGUAGE_STANDARD = gnu11;
				GCC_DYNAMIC_NO_PIC = NO;
				GCC_NO_COMMON_BLOCKS = YES;
				GCC_OPTIMIZATION_LEVEL = 0;
				GCC_PREPROCESSOR_DEFINITIONS = (
					"DEBUG=1",
					"$(inherited)",
				);
				GCC_WARN_64_TO_32_BIT_CONVERSION = YES;
				GCC_WARN_ABOUT_RETURN_TYPE = YES_ERROR;
				GCC_WARN_UNDECLARED_SELECTOR = YES;
				GCC_WARN_UNINITIALIZED_AUTOS = YES_AGGRESSIVE;
				GCC_WARN_UNUSED_FUNCTION = YES;
				GCC_WARN_UNUSED_VARIABLE = YES;
				IPHONEOS_DEPLOYMENT_TARGET = 15.4;
				MTL_ENABLE_DEBUG_INFO = INCLUDE_SOURCE;
				MTL_FAST_MATH = YES;
				ONLY_ACTIVE_ARCH = YES;
				SDKROOT = iphoneos;
				SWIFT_ACTIVE_COMPILATION_CONDITIONS = DEBUG;
				SWIFT_OPTIMIZATION_LEVEL = "-Onone";
			};
			name = Debug;
		};
		03B66F02281D3062007F8D7A /* Release */ = {
			isa = XCBuildConfiguration;
			buildSettings = {
				ALWAYS_SEARCH_USER_PATHS = NO;
				CLANG_ANALYZER_NONNULL = YES;
				CLANG_ANALYZER_NUMBER_OBJECT_CONVERSION = YES_AGGRESSIVE;
				CLANG_CXX_LANGUAGE_STANDARD = "gnu++17";
				CLANG_ENABLE_MODULES = YES;
				CLANG_ENABLE_OBJC_ARC = YES;
				CLANG_ENABLE_OBJC_WEAK = YES;
				CLANG_WARN_BLOCK_CAPTURE_AUTORELEASING = YES;
				CLANG_WARN_BOOL_CONVERSION = YES;
				CLANG_WARN_COMMA = YES;
				CLANG_WARN_CONSTANT_CONVERSION = YES;
				CLANG_WARN_DEPRECATED_OBJC_IMPLEMENTATIONS = YES;
				CLANG_WARN_DIRECT_OBJC_ISA_USAGE = YES_ERROR;
				CLANG_WARN_DOCUMENTATION_COMMENTS = YES;
				CLANG_WARN_EMPTY_BODY = YES;
				CLANG_WARN_ENUM_CONVERSION = YES;
				CLANG_WARN_INFINITE_RECURSION = YES;
				CLANG_WARN_INT_CONVERSION = YES;
				CLANG_WARN_NON_LITERAL_NULL_CONVERSION = YES;
				CLANG_WARN_OBJC_IMPLICIT_RETAIN_SELF = YES;
				CLANG_WARN_OBJC_LITERAL_CONVERSION = YES;
				CLANG_WARN_OBJC_ROOT_CLASS = YES_ERROR;
				CLANG_WARN_QUOTED_INCLUDE_IN_FRAMEWORK_HEADER = YES;
				CLANG_WARN_RANGE_LOOP_ANALYSIS = YES;
				CLANG_WARN_STRICT_PROTOTYPES = YES;
				CLANG_WARN_SUSPICIOUS_MOVE = YES;
				CLANG_WARN_UNGUARDED_AVAILABILITY = YES_AGGRESSIVE;
				CLANG_WARN_UNREACHABLE_CODE = YES;
				CLANG_WARN__DUPLICATE_METHOD_MATCH = YES;
				COPY_PHASE_STRIP = NO;
				DEBUG_INFORMATION_FORMAT = "dwarf-with-dsym";
				ENABLE_NS_ASSERTIONS = NO;
				ENABLE_STRICT_OBJC_MSGSEND = YES;
				GCC_C_LANGUAGE_STANDARD = gnu11;
				GCC_NO_COMMON_BLOCKS = YES;
				GCC_WARN_64_TO_32_BIT_CONVERSION = YES;
				GCC_WARN_ABOUT_RETURN_TYPE = YES_ERROR;
				GCC_WARN_UNDECLARED_SELECTOR = YES;
				GCC_WARN_UNINITIALIZED_AUTOS = YES_AGGRESSIVE;
				GCC_WARN_UNUSED_FUNCTION = YES;
				GCC_WARN_UNUSED_VARIABLE = YES;
				IPHONEOS_DEPLOYMENT_TARGET = 15.4;
				MTL_ENABLE_DEBUG_INFO = NO;
				MTL_FAST_MATH = YES;
				SDKROOT = iphoneos;
				SWIFT_COMPILATION_MODE = wholemodule;
				SWIFT_OPTIMIZATION_LEVEL = "-O";
				VALIDATE_PRODUCT = YES;
			};
			name = Release;
		};
		03B66F04281D3062007F8D7A /* Debug */ = {
			isa = XCBuildConfiguration;
			buildSettings = {
				ASSETCATALOG_COMPILER_APPICON_NAME = AppIcon;
				ASSETCATALOG_COMPILER_GLOBAL_ACCENT_COLOR_NAME = AccentColor;
				CODE_SIGN_STYLE = Automatic;
				CURRENT_PROJECT_VERSION = 1;
				GENERATE_INFOPLIST_FILE = YES;
				INFOPLIST_FILE = ProtocolKullanimi/Info.plist;
				INFOPLIST_KEY_UIApplicationSupportsIndirectInputEvents = YES;
				INFOPLIST_KEY_UILaunchStoryboardName = LaunchScreen;
				INFOPLIST_KEY_UIMainStoryboardFile = Main;
				INFOPLIST_KEY_UISupportedInterfaceOrientations_iPad = "UIInterfaceOrientationPortrait UIInterfaceOrientationPortraitUpsideDown UIInterfaceOrientationLandscapeLeft UIInterfaceOrientationLandscapeRight";
				INFOPLIST_KEY_UISupportedInterfaceOrientations_iPhone = "UIInterfaceOrientationPortrait UIInterfaceOrientationLandscapeLeft UIInterfaceOrientationLandscapeRight";
				LD_RUNPATH_SEARCH_PATHS = (
					"$(inherited)",
					"@executable_path/Frameworks",
				);
				MARKETING_VERSION = 1.0;
				PRODUCT_BUNDLE_IDENTIFIER = com.info.ProtocolKullanimi;
				PRODUCT_NAME = "$(TARGET_NAME)";
				SWIFT_EMIT_LOC_STRINGS = YES;
				SWIFT_VERSION = 5.0;
				TARGETED_DEVICE_FAMILY = "1,2";
			};
			name = Debug;
		};
		03B66F05281D3062007F8D7A /* Release */ = {
			isa = XCBuildConfiguration;
			buildSettings = {
				ASSETCATALOG_COMPILER_APPICON_NAME = AppIcon;
				ASSETCATALOG_COMPILER_GLOBAL_ACCENT_COLOR_NAME = AccentColor;
				CODE_SIGN_STYLE = Automatic;
				CURRENT_PROJECT_VERSION = 1;
				GENERATE_INFOPLIST_FILE = YES;
				INFOPLIST_FILE = ProtocolKullanimi/Info.plist;
				INFOPLIST_KEY_UIApplicationSupportsIndirectInputEvents = YES;
				INFOPLIST_KEY_UILaunchStoryboardName = LaunchScreen;
				INFOPLIST_KEY_UIMainStoryboardFile = Main;
				INFOPLIST_KEY_UISupportedInterfaceOrientations_iPad = "UIInterfaceOrientationPortrait UIInterfaceOrientationPortraitUpsideDown UIInterfaceOrientationLandscapeLeft UIInterfaceOrientationLandscapeRight";
				INFOPLIST_KEY_UISupportedInterfaceOrientations_iPhone = "UIInterfaceOrientationPortrait UIInterfaceOrientationLandscapeLeft UIInterfaceOrientationLandscapeRight";
				LD_RUNPATH_SEARCH_PATHS = (
					"$(inherited)",
					"@executable_path/Frameworks",
				);
				MARKETING_VERSION = 1.0;
				PRODUCT_BUNDLE_IDENTIFIER = com.info.ProtocolKullanimi;
				PRODUCT_NAME = "$(TARGET_NAME)";
				SWIFT_EMIT_LOC_STRINGS = YES;
				SWIFT_VERSION = 5.0;
				TARGETED_DEVICE_FAMILY = "1,2";
			};
			name = Release;
		};
		03B66F07281D3062007F8D7A /* Debug */ = {
			isa = XCBuildConfiguration;
			buildSettings = {
				ALWAYS_EMBED_SWIFT_STANDARD_LIBRARIES = YES;
				BUNDLE_LOADER = "$(TEST_HOST)";
				CODE_SIGN_STYLE = Automatic;
				CURRENT_PROJECT_VERSION = 1;
				GENERATE_INFOPLIST_FILE = YES;
				IPHONEOS_DEPLOYMENT_TARGET = 15.4;
				MARKETING_VERSION = 1.0;
				PRODUCT_BUNDLE_IDENTIFIER = com.info.ProtocolKullanimiTests;
				PRODUCT_NAME = "$(TARGET_NAME)";
				SWIFT_EMIT_LOC_STRINGS = NO;
				SWIFT_VERSION = 5.0;
				TARGETED_DEVICE_FAMILY = "1,2";
				TEST_HOST = "$(BUILT_PRODUCTS_DIR)/ProtocolKullanimi.app/ProtocolKullanimi";
			};
			name = Debug;
		};
		03B66F08281D3062007F8D7A /* Release */ = {
			isa = XCBuildConfiguration;
			buildSettings = {
				ALWAYS_EMBED_SWIFT_STANDARD_LIBRARIES = YES;
				BUNDLE_LOADER = "$(TEST_HOST)";
				CODE_SIGN_STYLE = Automatic;
				CURRENT_PROJECT_VERSION = 1;
				GENERATE_INFOPLIST_FILE = YES;
				IPHONEOS_DEPLOYMENT_TARGET = 15.4;
				MARKETING_VERSION = 1.0;
				PRODUCT_BUNDLE_IDENTIFIER = com.info.ProtocolKullanimiTests;
				PRODUCT_NAME = "$(TARGET_NAME)";
				SWIFT_EMIT_LOC_STRINGS = NO;
				SWIFT_VERSION = 5.0;
				TARGETED_DEVICE_FAMILY = "1,2";
				TEST_HOST = "$(BUILT_PRODUCTS_DIR)/ProtocolKullanimi.app/ProtocolKullanimi";
			};
			name = Release;
		};
		03B66F0A281D3062007F8D7A /* Debug */ = {
			isa = XCBuildConfiguration;
			buildSettings = {
				ALWAYS_EMBED_SWIFT_STANDARD_LIBRARIES = YES;
				CODE_SIGN_STYLE = Automatic;
				CURRENT_PROJECT_VERSION = 1;
				GENERATE_INFOPLIST_FILE = YES;
				MARKETING_VERSION = 1.0;
				PRODUCT_BUNDLE_IDENTIFIER = com.info.ProtocolKullanimiUITests;
				PRODUCT_NAME = "$(TARGET_NAME)";
				SWIFT_EMIT_LOC_STRINGS = NO;
				SWIFT_VERSION = 5.0;
				TARGETED_DEVICE_FAMILY = "1,2";
				TEST_TARGET_NAME = ProtocolKullanimi;
			};
			name = Debug;
		};
		03B66F0B281D3062007F8D7A /* Release */ = {
			isa = XCBuildConfiguration;
			buildSettings = {
				ALWAYS_EMBED_SWIFT_STANDARD_LIBRARIES = YES;
				CODE_SIGN_STYLE = Automatic;
				CURRENT_PROJECT_VERSION = 1;
				GENERATE_INFOPLIST_FILE = YES;
				MARKETING_VERSION = 1.0;
				PRODUCT_BUNDLE_IDENTIFIER = com.info.ProtocolKullanimiUITests;
				PRODUCT_NAME = "$(TARGET_NAME)";
				SWIFT_EMIT_LOC_STRINGS = NO;
				SWIFT_VERSION = 5.0;
				TARGETED_DEVICE_FAMILY = "1,2";
				TEST_TARGET_NAME = ProtocolKullanimi;
			};
			name = Release;
		};
/* End XCBuildConfiguration section */

/* Begin XCConfigurationList section */
		03B66ED4281D305F007F8D7A /* Build configuration list for PBXProject "ProtocolKullanimi" */ = {
			isa = XCConfigurationList;
			buildConfigurations = (
				03B66F01281D3062007F8D7A /* Debug */,
				03B66F02281D3062007F8D7A /* Release */,
			);
			defaultConfigurationIsVisible = 0;
			defaultConfigurationName = Release;
		};
		03B66F03281D3062007F8D7A /* Build configuration list for PBXNativeTarget "ProtocolKullanimi" */ = {
			isa = XCConfigurationList;
			buildConfigurations = (
				03B66F04281D3062007F8D7A /* Debug */,
				03B66F05281D3062007F8D7A /* Release */,
			);
			defaultConfigurationIsVisible = 0;
			defaultConfigurationName = Release;
		};
		03B66F06281D3062007F8D7A /* Build configuration list for PBXNativeTarget "ProtocolKullanimiTests" */ = {
			isa = XCConfigurationList;
			buildConfigurations = (
				03B66F07281D3062007F8D7A /* Debug */,
				03B66F08281D3062007F8D7A /* Release */,
			);
			defaultConfigurationIsVisible = 0;
			defaultConfigurationName = Release;
		};
		03B66F09281D3062007F8D7A /* Build configuration list for PBXNativeTarget "ProtocolKullanimiUITests" */ = {
			isa = XCConfigurationList;
			buildConfigurations = (
				03B66F0A281D3062007F8D7A /* Debug */,
				03B66F0B281D3062007F8D7A /* Release */,
			);
			defaultConfigurationIsVisible = 0;
			defaultConfigurationName = Release;
		};
/* End XCConfigurationList section */
	};
	rootObject = 03B66ED1281D305F007F8D7A /* Project object */;
}
