// !$*UTF8*$!
{
	archiveVersion = 1;
	classes = {
	};
	objectVersion = 55;
	objects = {

/* Begin PBXBuildFile section */
		0309FCF42815E61C008F23FA /* AppDelegate.swift in Sources */ = {isa = PBXBuildFile; fileRef = 0309FCF32815E61C008F23FA /* AppDelegate.swift */; };
		0309FCF62815E61C008F23FA /* SceneDelegate.swift in Sources */ = {isa = PBXBuildFile; fileRef = 0309FCF52815E61C008F23FA /* SceneDelegate.swift */; };
		0309FCF82815E61C008F23FA /* ViewController.swift in Sources */ = {isa = PBXBuildFile; fileRef = 0309FCF72815E61C008F23FA /* ViewController.swift */; };
		0309FCFB2815E61C008F23FA /* Main.storyboard in Resources */ = {isa = PBXBuildFile; fileRef = 0309FCF92815E61C008F23FA /* Main.storyboard */; };
		0309FCFD2815E61D008F23FA /* Assets.xcassets in Resources */ = {isa = PBXBuildFile; fileRef = 0309FCFC2815E61D008F23FA /* Assets.xcassets */; };
		0309FD002815E61D008F23FA /* LaunchScreen.storyboard in Resources */ = {isa = PBXBuildFile; fileRef = 0309FCFE2815E61D008F23FA /* LaunchScreen.storyboard */; };
		0309FD0B2815E61D008F23FA /* ReplicaGetirHW6Tests.swift in Sources */ = {isa = PBXBuildFile; fileRef = 0309FD0A2815E61D008F23FA /* ReplicaGetirHW6Tests.swift */; };
		0309FD152815E61D008F23FA /* ReplicaGetirHW6UITests.swift in Sources */ = {isa = PBXBuildFile; fileRef = 0309FD142815E61D008F23FA /* ReplicaGetirHW6UITests.swift */; };
		0309FD172815E61D008F23FA /* ReplicaGetirHW6UITestsLaunchTests.swift in Sources */ = {isa = PBXBuildFile; fileRef = 0309FD162815E61D008F23FA /* ReplicaGetirHW6UITestsLaunchTests.swift */; };
/* End PBXBuildFile section */

/* Begin PBXContainerItemProxy section */
		0309FD072815E61D008F23FA /* PBXContainerItemProxy */ = {
			isa = PBXContainerItemProxy;
			containerPortal = 0309FCE82815E61C008F23FA /* Project object */;
			proxyType = 1;
			remoteGlobalIDString = 0309FCEF2815E61C008F23FA;
			remoteInfo = ReplicaGetirHW6;
		};
		0309FD112815E61D008F23FA /* PBXContainerItemProxy */ = {
			isa = PBXContainerItemProxy;
			containerPortal = 0309FCE82815E61C008F23FA /* Project object */;
			proxyType = 1;
			remoteGlobalIDString = 0309FCEF2815E61C008F23FA;
			remoteInfo = ReplicaGetirHW6;
		};
/* End PBXContainerItemProxy section */

/* Begin PBXFileReference section */
		0309FCF02815E61C008F23FA /* ReplicaGetirHW6.app */ = {isa = PBXFileReference; explicitFileType = wrapper.application; includeInIndex = 0; path = ReplicaGetirHW6.app; sourceTree = BUILT_PRODUCTS_DIR; };
		0309FCF32815E61C008F23FA /* AppDelegate.swift */ = {isa = PBXFileReference; lastKnownFileType = sourcecode.swift; path = AppDelegate.swift; sourceTree = "<group>"; };
		0309FCF52815E61C008F23FA /* SceneDelegate.swift */ = {isa = PBXFileReference; lastKnownFileType = sourcecode.swift; path = SceneDelegate.swift; sourceTree = "<group>"; };
		0309FCF72815E61C008F23FA /* ViewController.swift */ = {isa = PBXFileReference; lastKnownFileType = sourcecode.swift; path = ViewController.swift; sourceTree = "<group>"; };
		0309FCFA2815E61C008F23FA /* Base */ = {isa = PBXFileReference; lastKnownFileType = file.storyboard; name = Base; path = Base.lproj/Main.storyboard; sourceTree = "<group>"; };
		0309FCFC2815E61D008F23FA /* Assets.xcassets */ = {isa = PBXFileReference; lastKnownFileType = folder.assetcatalog; path = Assets.xcassets; sourceTree = "<group>"; };
		0309FCFF2815E61D008F23FA /* Base */ = {isa = PBXFileReference; lastKnownFileType = file.storyboard; name = Base; path = Base.lproj/LaunchScreen.storyboard; sourceTree = "<group>"; };
		0309FD012815E61D008F23FA /* Info.plist */ = {isa = PBXFileReference; lastKnownFileType = text.plist.xml; path = Info.plist; sourceTree = "<group>"; };
		0309FD062815E61D008F23FA /* ReplicaGetirHW6Tests.xctest */ = {isa = PBXFileReference; explicitFileType = wrapper.cfbundle; includeInIndex = 0; path = ReplicaGetirHW6Tests.xctest; sourceTree = BUILT_PRODUCTS_DIR; };
		0309FD0A2815E61D008F23FA /* ReplicaGetirHW6Tests.swift */ = {isa = PBXFileReference; lastKnownFileType = sourcecode.swift; path = ReplicaGetirHW6Tests.swift; sourceTree = "<group>"; };
		0309FD102815E61D008F23FA /* ReplicaGetirHW6UITests.xctest */ = {isa = PBXFileReference; explicitFileType = wrapper.cfbundle; includeInIndex = 0; path = ReplicaGetirHW6UITests.xctest; sourceTree = BUILT_PRODUCTS_DIR; };
		0309FD142815E61D008F23FA /* ReplicaGetirHW6UITests.swift */ = {isa = PBXFileReference; lastKnownFileType = sourcecode.swift; path = ReplicaGetirHW6UITests.swift; sourceTree = "<group>"; };
		0309FD162815E61D008F23FA /* ReplicaGetirHW6UITestsLaunchTests.swift */ = {isa = PBXFileReference; lastKnownFileType = sourcecode.swift; path = ReplicaGetirHW6UITestsLaunchTests.swift; sourceTree = "<group>"; };
/* End PBXFileReference section */

/* Begin PBXFrameworksBuildPhase section */
		0309FCED2815E61C008F23FA /* Frameworks */ = {
			isa = PBXFrameworksBuildPhase;
			buildActionMask = 2147483647;
			files = (
			);
			runOnlyForDeploymentPostprocessing = 0;
		};
		0309FD032815E61D008F23FA /* Frameworks */ = {
			isa = PBXFrameworksBuildPhase;
			buildActionMask = 2147483647;
			files = (
			);
			runOnlyForDeploymentPostprocessing = 0;
		};
		0309FD0D2815E61D008F23FA /* Frameworks */ = {
			isa = PBXFrameworksBuildPhase;
			buildActionMask = 2147483647;
			files = (
			);
			runOnlyForDeploymentPostprocessing = 0;
		};
/* End PBXFrameworksBuildPhase section */

/* Begin PBXGroup section */
		0309FCE72815E61C008F23FA = {
			isa = PBXGroup;
			children = (
				0309FCF22815E61C008F23FA /* ReplicaGetirHW6 */,
				0309FD092815E61D008F23FA /* ReplicaGetirHW6Tests */,
				0309FD132815E61D008F23FA /* ReplicaGetirHW6UITests */,
				0309FCF12815E61C008F23FA /* Products */,
			);
			sourceTree = "<group>";
		};
		0309FCF12815E61C008F23FA /* Products */ = {
			isa = PBXGroup;
			children = (
				0309FCF02815E61C008F23FA /* ReplicaGetirHW6.app */,
				0309FD062815E61D008F23FA /* ReplicaGetirHW6Tests.xctest */,
				0309FD102815E61D008F23FA /* ReplicaGetirHW6UITests.xctest */,
			);
			name = Products;
			sourceTree = "<group>";
		};
		0309FCF22815E61C008F23FA /* ReplicaGetirHW6 */ = {
			isa = PBXGroup;
			children = (
				0309FCF32815E61C008F23FA /* AppDelegate.swift */,
				0309FCF52815E61C008F23FA /* SceneDelegate.swift */,
				0309FCF72815E61C008F23FA /* ViewController.swift */,
				0309FCF92815E61C008F23FA /* Main.storyboard */,
				0309FCFC2815E61D008F23FA /* Assets.xcassets */,
				0309FCFE2815E61D008F23FA /* LaunchScreen.storyboard */,
				0309FD012815E61D008F23FA /* Info.plist */,
			);
			path = ReplicaGetirHW6;
			sourceTree = "<group>";
		};
		0309FD092815E61D008F23FA /* ReplicaGetirHW6Tests */ = {
			isa = PBXGroup;
			children = (
				0309FD0A2815E61D008F23FA /* ReplicaGetirHW6Tests.swift */,
			);
			path = ReplicaGetirHW6Tests;
			sourceTree = "<group>";
		};
		0309FD132815E61D008F23FA /* ReplicaGetirHW6UITests */ = {
			isa = PBXGroup;
			children = (
				0309FD142815E61D008F23FA /* ReplicaGetirHW6UITests.swift */,
				0309FD162815E61D008F23FA /* ReplicaGetirHW6UITestsLaunchTests.swift */,
			);
			path = ReplicaGetirHW6UITests;
			sourceTree = "<group>";
		};
/* End PBXGroup section */

/* Begin PBXNativeTarget section */
		0309FCEF2815E61C008F23FA /* ReplicaGetirHW6 */ = {
			isa = PBXNativeTarget;
			buildConfigurationList = 0309FD1A2815E61D008F23FA /* Build configuration list for PBXNativeTarget "ReplicaGetirHW6" */;
			buildPhases = (
				0309FCEC2815E61C008F23FA /* Sources */,
				0309FCED2815E61C008F23FA /* Frameworks */,
				0309FCEE2815E61C008F23FA /* Resources */,
			);
			buildRules = (
			);
			dependencies = (
			);
			name = ReplicaGetirHW6;
			productName = ReplicaGetirHW6;
			productReference = 0309FCF02815E61C008F23FA /* ReplicaGetirHW6.app */;
			productType = "com.apple.product-type.application";
		};
		0309FD052815E61D008F23FA /* ReplicaGetirHW6Tests */ = {
			isa = PBXNativeTarget;
			buildConfigurationList = 0309FD1D2815E61D008F23FA /* Build configuration list for PBXNativeTarget "ReplicaGetirHW6Tests" */;
			buildPhases = (
				0309FD022815E61D008F23FA /* Sources */,
				0309FD032815E61D008F23FA /* Frameworks */,
				0309FD042815E61D008F23FA /* Resources */,
			);
			buildRules = (
			);
			dependencies = (
				0309FD082815E61D008F23FA /* PBXTargetDependency */,
			);
			name = ReplicaGetirHW6Tests;
			productName = ReplicaGetirHW6Tests;
			productReference = 0309FD062815E61D008F23FA /* ReplicaGetirHW6Tests.xctest */;
			productType = "com.apple.product-type.bundle.unit-test";
		};
		0309FD0F2815E61D008F23FA /* ReplicaGetirHW6UITests */ = {
			isa = PBXNativeTarget;
			buildConfigurationList = 0309FD202815E61D008F23FA /* Build configuration list for PBXNativeTarget "ReplicaGetirHW6UITests" */;
			buildPhases = (
				0309FD0C2815E61D008F23FA /* Sources */,
				0309FD0D2815E61D008F23FA /* Frameworks */,
				0309FD0E2815E61D008F23FA /* Resources */,
			);
			buildRules = (
			);
			dependencies = (
				0309FD122815E61D008F23FA /* PBXTargetDependency */,
			);
			name = ReplicaGetirHW6UITests;
			productName = ReplicaGetirHW6UITests;
			productReference = 0309FD102815E61D008F23FA /* ReplicaGetirHW6UITests.xctest */;
			productType = "com.apple.product-type.bundle.ui-testing";
		};
/* End PBXNativeTarget section */

/* Begin PBXProject section */
		0309FCE82815E61C008F23FA /* Project object */ = {
			isa = PBXProject;
			attributes = {
				BuildIndependentTargetsInParallel = 1;
				LastSwiftUpdateCheck = 1330;
				LastUpgradeCheck = 1330;
				TargetAttributes = {
					0309FCEF2815E61C008F23FA = {
						CreatedOnToolsVersion = 13.3.1;
					};
					0309FD052815E61D008F23FA = {
						CreatedOnToolsVersion = 13.3.1;
						TestTargetID = 0309FCEF2815E61C008F23FA;
					};
					0309FD0F2815E61D008F23FA = {
						CreatedOnToolsVersion = 13.3.1;
						TestTargetID = 0309FCEF2815E61C008F23FA;
					};
				};
			};
			buildConfigurationList = 0309FCEB2815E61C008F23FA /* Build configuration list for PBXProject "ReplicaGetirHW6" */;
			compatibilityVersion = "Xcode 13.0";
			developmentRegion = en;
			hasScannedForEncodings = 0;
			knownRegions = (
				en,
				Base,
			);
			mainGroup = 0309FCE72815E61C008F23FA;
			productRefGroup = 0309FCF12815E61C008F23FA /* Products */;
			projectDirPath = "";
			projectRoot = "";
			targets = (
				0309FCEF2815E61C008F23FA /* ReplicaGetirHW6 */,
				0309FD052815E61D008F23FA /* ReplicaGetirHW6Tests */,
				0309FD0F2815E61D008F23FA /* ReplicaGetirHW6UITests */,
			);
		};
/* End PBXProject section */

/* Begin PBXResourcesBuildPhase section */
		0309FCEE2815E61C008F23FA /* Resources */ = {
			isa = PBXResourcesBuildPhase;
			buildActionMask = 2147483647;
			files = (
				0309FD002815E61D008F23FA /* LaunchScreen.storyboard in Resources */,
				0309FCFD2815E61D008F23FA /* Assets.xcassets in Resources */,
				0309FCFB2815E61C008F23FA /* Main.storyboard in Resources */,
			);
			runOnlyForDeploymentPostprocessing = 0;
		};
		0309FD042815E61D008F23FA /* Resources */ = {
			isa = PBXResourcesBuildPhase;
			buildActionMask = 2147483647;
			files = (
			);
			runOnlyForDeploymentPostprocessing = 0;
		};
		0309FD0E2815E61D008F23FA /* Resources */ = {
			isa = PBXResourcesBuildPhase;
			buildActionMask = 2147483647;
			files = (
			);
			runOnlyForDeploymentPostprocessing = 0;
		};
/* End PBXResourcesBuildPhase section */

/* Begin PBXSourcesBuildPhase section */
		0309FCEC2815E61C008F23FA /* Sources */ = {
			isa = PBXSourcesBuildPhase;
			buildActionMask = 2147483647;
			files = (
				0309FCF82815E61C008F23FA /* ViewController.swift in Sources */,
				0309FCF42815E61C008F23FA /* AppDelegate.swift in Sources */,
				0309FCF62815E61C008F23FA /* SceneDelegate.swift in Sources */,
			);
			runOnlyForDeploymentPostprocessing = 0;
		};
		0309FD022815E61D008F23FA /* Sources */ = {
			isa = PBXSourcesBuildPhase;
			buildActionMask = 2147483647;
			files = (
				0309FD0B2815E61D008F23FA /* ReplicaGetirHW6Tests.swift in Sources */,
			);
			runOnlyForDeploymentPostprocessing = 0;
		};
		0309FD0C2815E61D008F23FA /* Sources */ = {
			isa = PBXSourcesBuildPhase;
			buildActionMask = 2147483647;
			files = (
				0309FD152815E61D008F23FA /* ReplicaGetirHW6UITests.swift in Sources */,
				0309FD172815E61D008F23FA /* ReplicaGetirHW6UITestsLaunchTests.swift in Sources */,
			);
			runOnlyForDeploymentPostprocessing = 0;
		};
/* End PBXSourcesBuildPhase section */

/* Begin PBXTargetDependency section */
		0309FD082815E61D008F23FA /* PBXTargetDependency */ = {
			isa = PBXTargetDependency;
			target = 0309FCEF2815E61C008F23FA /* ReplicaGetirHW6 */;
			targetProxy = 0309FD072815E61D008F23FA /* PBXContainerItemProxy */;
		};
		0309FD122815E61D008F23FA /* PBXTargetDependency */ = {
			isa = PBXTargetDependency;
			target = 0309FCEF2815E61C008F23FA /* ReplicaGetirHW6 */;
			targetProxy = 0309FD112815E61D008F23FA /* PBXContainerItemProxy */;
		};
/* End PBXTargetDependency section */

/* Begin PBXVariantGroup section */
		0309FCF92815E61C008F23FA /* Main.storyboard */ = {
			isa = PBXVariantGroup;
			children = (
				0309FCFA2815E61C008F23FA /* Base */,
			);
			name = Main.storyboard;
			sourceTree = "<group>";
		};
		0309FCFE2815E61D008F23FA /* LaunchScreen.storyboard */ = {
			isa = PBXVariantGroup;
			children = (
				0309FCFF2815E61D008F23FA /* Base */,
			);
			name = LaunchScreen.storyboard;
			sourceTree = "<group>";
		};
/* End PBXVariantGroup section */

/* Begin XCBuildConfiguration section */
		0309FD182815E61D008F23FA /* Debug */ = {
			isa = XCBuildConfiguration;
			buildSettings = {
				ALWAYS_SEARCH_USER_PATHS = NO;
				CLANG_ANALYZER_NONNULL = YES;
				CLANG_ANALYZER_NUMBER_OBJECT_CONVERSION = YES_AGGRESSIVE;
				CLANG_CXX_LANGUAGE_STANDARD = "gnu++17";
				CLANG_ENABLE_MODULES = YES;
				CLANG_ENABLE_OBJC_ARC = YES;
				CLANG_ENABLE_OBJC_WEAK = YES;
				CLANG_WARN_BLOCK_CAPTURE_AUTORELEASING = YES;
				CLANG_WARN_BOOL_CONVERSION = YES;
				CLANG_WARN_COMMA = YES;
				CLANG_WARN_CONSTANT_CONVERSION = YES;
				CLANG_WARN_DEPRECATED_OBJC_IMPLEMENTATIONS = YES;
				CLANG_WARN_DIRECT_OBJC_ISA_USAGE = YES_ERROR;
				CLANG_WARN_DOCUMENTATION_COMMENTS = YES;
				CLANG_WARN_EMPTY_BODY = YES;
				CLANG_WARN_ENUM_CONVERSION = YES;
				CLANG_WARN_INFINITE_RECURSION = YES;
				CLANG_WARN_INT_CONVERSION = YES;
				CLANG_WARN_NON_LITERAL_NULL_CONVERSION = YES;
				CLANG_WARN_OBJC_IMPLICIT_RETAIN_SELF = YES;
				CLANG_WARN_OBJC_LITERAL_CONVERSION = YES;
				CLANG_WARN_OBJC_ROOT_CLASS = YES_ERROR;
				CLANG_WARN_QUOTED_INCLUDE_IN_FRAMEWORK_HEADER = YES;
				CLANG_WARN_RANGE_LOOP_ANALYSIS = YES;
				CLANG_WARN_STRICT_PROTOTYPES = YES;
				CLANG_WARN_SUSPICIOUS_MOVE = YES;
				CLANG_WARN_UNGUARDED_AVAILABILITY = YES_AGGRESSIVE;
				CLANG_WARN_UNREACHABLE_CODE = YES;
				CLANG_WARN__DUPLICATE_METHOD_MATCH = YES;
				COPY_PHASE_STRIP = NO;
				DEBUG_INFORMATION_FORMAT = dwarf;
				ENABLE_STRICT_OBJC_MSGSEND = YES;
				ENABLE_TESTABILITY = YES;
				GCC_C_LANGUAGE_STANDARD = gnu11;
				GCC_DYNAMIC_NO_PIC = NO;
				GCC_NO_COMMON_BLOCKS = YES;
				GCC_OPTIMIZATION_LEVEL = 0;
				GCC_PREPROCESSOR_DEFINITIONS = (
					"DEBUG=1",
					"$(inherited)",
				);
				GCC_WARN_64_TO_32_BIT_CONVERSION = YES;
				GCC_WARN_ABOUT_RETURN_TYPE = YES_ERROR;
				GCC_WARN_UNDECLARED_SELECTOR = YES;
				GCC_WARN_UNINITIALIZED_AUTOS = YES_AGGRESSIVE;
				GCC_WARN_UNUSED_FUNCTION = YES;
				GCC_WARN_UNUSED_VARIABLE = YES;
				IPHONEOS_DEPLOYMENT_TARGET = 15.4;
				MTL_ENABLE_DEBUG_INFO = INCLUDE_SOURCE;
				MTL_FAST_MATH = YES;
				ONLY_ACTIVE_ARCH = YES;
				SDKROOT = iphoneos;
				SWIFT_ACTIVE_COMPILATION_CONDITIONS = DEBUG;
				SWIFT_OPTIMIZATION_LEVEL = "-Onone";
			};
			name = Debug;
		};
		0309FD192815E61D008F23FA /* Release */ = {
			isa = XCBuildConfiguration;
			buildSettings = {
				ALWAYS_SEARCH_USER_PATHS = NO;
				CLANG_ANALYZER_NONNULL = YES;
				CLANG_ANALYZER_NUMBER_OBJECT_CONVERSION = YES_AGGRESSIVE;
				CLANG_CXX_LANGUAGE_STANDARD = "gnu++17";
				CLANG_ENABLE_MODULES = YES;
				CLANG_ENABLE_OBJC_ARC = YES;
				CLANG_ENABLE_OBJC_WEAK = YES;
				CLANG_WARN_BLOCK_CAPTURE_AUTORELEASING = YES;
				CLANG_WARN_BOOL_CONVERSION = YES;
				CLANG_WARN_COMMA = YES;
				CLANG_WARN_CONSTANT_CONVERSION = YES;
				CLANG_WARN_DEPRECATED_OBJC_IMPLEMENTATIONS = YES;
				CLANG_WARN_DIRECT_OBJC_ISA_USAGE = YES_ERROR;
				CLANG_WARN_DOCUMENTATION_COMMENTS = YES;
				CLANG_WARN_EMPTY_BODY = YES;
				CLANG_WARN_ENUM_CONVERSION = YES;
				CLANG_WARN_INFINITE_RECURSION = YES;
				CLANG_WARN_INT_CONVERSION = YES;
				CLANG_WARN_NON_LITERAL_NULL_CONVERSION = YES;
				CLANG_WARN_OBJC_IMPLICIT_RETAIN_SELF = YES;
				CLANG_WARN_OBJC_LITERAL_CONVERSION = YES;
				CLANG_WARN_OBJC_ROOT_CLASS = YES_ERROR;
				CLANG_WARN_QUOTED_INCLUDE_IN_FRAMEWORK_HEADER = YES;
				CLANG_WARN_RANGE_LOOP_ANALYSIS = YES;
				CLANG_WARN_STRICT_PROTOTYPES = YES;
				CLANG_WARN_SUSPICIOUS_MOVE = YES;
				CLANG_WARN_UNGUARDED_AVAILABILITY = YES_AGGRESSIVE;
				CLANG_WARN_UNREACHABLE_CODE = YES;
				CLANG_WARN__DUPLICATE_METHOD_MATCH = YES;
				COPY_PHASE_STRIP = NO;
				DEBUG_INFORMATION_FORMAT = "dwarf-with-dsym";
				ENABLE_NS_ASSERTIONS = NO;
				ENABLE_STRICT_OBJC_MSGSEND = YES;
				GCC_C_LANGUAGE_STANDARD = gnu11;
				GCC_NO_COMMON_BLOCKS = YES;
				GCC_WARN_64_TO_32_BIT_CONVERSION = YES;
				GCC_WARN_ABOUT_RETURN_TYPE = YES_ERROR;
				GCC_WARN_UNDECLARED_SELECTOR = YES;
				GCC_WARN_UNINITIALIZED_AUTOS = YES_AGGRESSIVE;
				GCC_WARN_UNUSED_FUNCTION = YES;
				GCC_WARN_UNUSED_VARIABLE = YES;
				IPHONEOS_DEPLOYMENT_TARGET = 15.4;
				MTL_ENABLE_DEBUG_INFO = NO;
				MTL_FAST_MATH = YES;
				SDKROOT = iphoneos;
				SWIFT_COMPILATION_MODE = wholemodule;
				SWIFT_OPTIMIZATION_LEVEL = "-O";
				VALIDATE_PRODUCT = YES;
			};
			name = Release;
		};
		0309FD1B2815E61D008F23FA /* Debug */ = {
			isa = XCBuildConfiguration;
			buildSettings = {
				ASSETCATALOG_COMPILER_APPICON_NAME = AppIcon;
				ASSETCATALOG_COMPILER_GLOBAL_ACCENT_COLOR_NAME = AccentColor;
				CODE_SIGN_STYLE = Automatic;
				CURRENT_PROJECT_VERSION = 1;
				GENERATE_INFOPLIST_FILE = YES;
				INFOPLIST_FILE = ReplicaGetirHW6/Info.plist;
				INFOPLIST_KEY_UIApplicationSupportsIndirectInputEvents = YES;
				INFOPLIST_KEY_UILaunchStoryboardName = LaunchScreen;
				INFOPLIST_KEY_UIMainStoryboardFile = Main;
				INFOPLIST_KEY_UISupportedInterfaceOrientations_iPad = "UIInterfaceOrientationPortrait UIInterfaceOrientationPortraitUpsideDown UIInterfaceOrientationLandscapeLeft UIInterfaceOrientationLandscapeRight";
				INFOPLIST_KEY_UISupportedInterfaceOrientations_iPhone = "UIInterfaceOrientationPortrait UIInterfaceOrientationLandscapeLeft UIInterfaceOrientationLandscapeRight";
				LD_RUNPATH_SEARCH_PATHS = (
					"$(inherited)",
					"@executable_path/Frameworks",
				);
				MARKETING_VERSION = 1.0;
				PRODUCT_BUNDLE_IDENTIFIER = com.info.ReplicaGetirHW6;
				PRODUCT_NAME = "$(TARGET_NAME)";
				SWIFT_EMIT_LOC_STRINGS = YES;
				SWIFT_VERSION = 5.0;
				TARGETED_DEVICE_FAMILY = "1,2";
			};
			name = Debug;
		};
		0309FD1C2815E61D008F23FA /* Release */ = {
			isa = XCBuildConfiguration;
			buildSettings = {
				ASSETCATALOG_COMPILER_APPICON_NAME = AppIcon;
				ASSETCATALOG_COMPILER_GLOBAL_ACCENT_COLOR_NAME = AccentColor;
				CODE_SIGN_STYLE = Automatic;
				CURRENT_PROJECT_VERSION = 1;
				GENERATE_INFOPLIST_FILE = YES;
				INFOPLIST_FILE = ReplicaGetirHW6/Info.plist;
				INFOPLIST_KEY_UIApplicationSupportsIndirectInputEvents = YES;
				INFOPLIST_KEY_UILaunchStoryboardName = LaunchScreen;
				INFOPLIST_KEY_UIMainStoryboardFile = Main;
				INFOPLIST_KEY_UISupportedInterfaceOrientations_iPad = "UIInterfaceOrientationPortrait UIInterfaceOrientationPortraitUpsideDown UIInterfaceOrientationLandscapeLeft UIInterfaceOrientationLandscapeRight";
				INFOPLIST_KEY_UISupportedInterfaceOrientations_iPhone = "UIInterfaceOrientationPortrait UIInterfaceOrientationLandscapeLeft UIInterfaceOrientationLandscapeRight";
				LD_RUNPATH_SEARCH_PATHS = (
					"$(inherited)",
					"@executable_path/Frameworks",
				);
				MARKETING_VERSION = 1.0;
				PRODUCT_BUNDLE_IDENTIFIER = com.info.ReplicaGetirHW6;
				PRODUCT_NAME = "$(TARGET_NAME)";
				SWIFT_EMIT_LOC_STRINGS = YES;
				SWIFT_VERSION = 5.0;
				TARGETED_DEVICE_FAMILY = "1,2";
			};
			name = Release;
		};
		0309FD1E2815E61D008F23FA /* Debug */ = {
			isa = XCBuildConfiguration;
			buildSettings = {
				ALWAYS_EMBED_SWIFT_STANDARD_LIBRARIES = YES;
				BUNDLE_LOADER = "$(TEST_HOST)";
				CODE_SIGN_STYLE = Automatic;
				CURRENT_PROJECT_VERSION = 1;
				GENERATE_INFOPLIST_FILE = YES;
				IPHONEOS_DEPLOYMENT_TARGET = 15.4;
				MARKETING_VERSION = 1.0;
				PRODUCT_BUNDLE_IDENTIFIER = com.info.ReplicaGetirHW6Tests;
				PRODUCT_NAME = "$(TARGET_NAME)";
				SWIFT_EMIT_LOC_STRINGS = NO;
				SWIFT_VERSION = 5.0;
				TARGETED_DEVICE_FAMILY = "1,2";
				TEST_HOST = "$(BUILT_PRODUCTS_DIR)/ReplicaGetirHW6.app/ReplicaGetirHW6";
			};
			name = Debug;
		};
		0309FD1F2815E61D008F23FA /* Release */ = {
			isa = XCBuildConfiguration;
			buildSettings = {
				ALWAYS_EMBED_SWIFT_STANDARD_LIBRARIES = YES;
				BUNDLE_LOADER = "$(TEST_HOST)";
				CODE_SIGN_STYLE = Automatic;
				CURRENT_PROJECT_VERSION = 1;
				GENERATE_INFOPLIST_FILE = YES;
				IPHONEOS_DEPLOYMENT_TARGET = 15.4;
				MARKETING_VERSION = 1.0;
				PRODUCT_BUNDLE_IDENTIFIER = com.info.ReplicaGetirHW6Tests;
				PRODUCT_NAME = "$(TARGET_NAME)";
				SWIFT_EMIT_LOC_STRINGS = NO;
				SWIFT_VERSION = 5.0;
				TARGETED_DEVICE_FAMILY = "1,2";
				TEST_HOST = "$(BUILT_PRODUCTS_DIR)/ReplicaGetirHW6.app/ReplicaGetirHW6";
			};
			name = Release;
		};
		0309FD212815E61D008F23FA /* Debug */ = {
			isa = XCBuildConfiguration;
			buildSettings = {
				ALWAYS_EMBED_SWIFT_STANDARD_LIBRARIES = YES;
				CODE_SIGN_STYLE = Automatic;
				CURRENT_PROJECT_VERSION = 1;
				GENERATE_INFOPLIST_FILE = YES;
				MARKETING_VERSION = 1.0;
				PRODUCT_BUNDLE_IDENTIFIER = com.info.ReplicaGetirHW6UITests;
				PRODUCT_NAME = "$(TARGET_NAME)";
				SWIFT_EMIT_LOC_STRINGS = NO;
				SWIFT_VERSION = 5.0;
				TARGETED_DEVICE_FAMILY = "1,2";
				TEST_TARGET_NAME = ReplicaGetirHW6;
			};
			name = Debug;
		};
		0309FD222815E61D008F23FA /* Release */ = {
			isa = XCBuildConfiguration;
			buildSettings = {
				ALWAYS_EMBED_SWIFT_STANDARD_LIBRARIES = YES;
				CODE_SIGN_STYLE = Automatic;
				CURRENT_PROJECT_VERSION = 1;
				GENERATE_INFOPLIST_FILE = YES;
				MARKETING_VERSION = 1.0;
				PRODUCT_BUNDLE_IDENTIFIER = com.info.ReplicaGetirHW6UITests;
				PRODUCT_NAME = "$(TARGET_NAME)";
				SWIFT_EMIT_LOC_STRINGS = NO;
				SWIFT_VERSION = 5.0;
				TARGETED_DEVICE_FAMILY = "1,2";
				TEST_TARGET_NAME = ReplicaGetirHW6;
			};
			name = Release;
		};
/* End XCBuildConfiguration section */

/* Begin XCConfigurationList section */
		0309FCEB2815E61C008F23FA /* Build configuration list for PBXProject "ReplicaGetirHW6" */ = {
			isa = XCConfigurationList;
			buildConfigurations = (
				0309FD182815E61D008F23FA /* Debug */,
				0309FD192815E61D008F23FA /* Release */,
			);
			defaultConfigurationIsVisible = 0;
			defaultConfigurationName = Release;
		};
		0309FD1A2815E61D008F23FA /* Build configuration list for PBXNativeTarget "ReplicaGetirHW6" */ = {
			isa = XCConfigurationList;
			buildConfigurations = (
				0309FD1B2815E61D008F23FA /* Debug */,
				0309FD1C2815E61D008F23FA /* Release */,
			);
			defaultConfigurationIsVisible = 0;
			defaultConfigurationName = Release;
		};
		0309FD1D2815E61D008F23FA /* Build configuration list for PBXNativeTarget "ReplicaGetirHW6Tests" */ = {
			isa = XCConfigurationList;
			buildConfigurations = (
				0309FD1E2815E61D008F23FA /* Debug */,
				0309FD1F2815E61D008F23FA /* Release */,
			);
			defaultConfigurationIsVisible = 0;
			defaultConfigurationName = Release;
		};
		0309FD202815E61D008F23FA /* Build configuration list for PBXNativeTarget "ReplicaGetirHW6UITests" */ = {
			isa = XCConfigurationList;
			buildConfigurations = (
				0309FD212815E61D008F23FA /* Debug */,
				0309FD222815E61D008F23FA /* Release */,
			);
			defaultConfigurationIsVisible = 0;
			defaultConfigurationName = Release;
		};
/* End XCConfigurationList section */
	};
	rootObject = 0309FCE82815E61C008F23FA /* Project object */;
}
