// !$*UTF8*$!
{
	archiveVersion = 1;
	classes = {
	};
	objectVersion = 55;
	objects = {

/* Begin PBXBuildFile section */
		03834BE82816EAC00058E08E /* AppDelegate.swift in Sources */ = {isa = PBXBuildFile; fileRef = 03834BE72816EAC00058E08E /* AppDelegate.swift */; };
		03834BEA2816EAC00058E08E /* SceneDelegate.swift in Sources */ = {isa = PBXBuildFile; fileRef = 03834BE92816EAC00058E08E /* SceneDelegate.swift */; };
		03834BEC2816EAC00058E08E /* ViewController.swift in Sources */ = {isa = PBXBuildFile; fileRef = 03834BEB2816EAC00058E08E /* ViewController.swift */; };
		03834BEF2816EAC00058E08E /* Main.storyboard in Resources */ = {isa = PBXBuildFile; fileRef = 03834BED2816EAC00058E08E /* Main.storyboard */; };
		03834BF12816EAC20058E08E /* Assets.xcassets in Resources */ = {isa = PBXBuildFile; fileRef = 03834BF02816EAC20058E08E /* Assets.xcassets */; };
		03834BF42816EAC20058E08E /* LaunchScreen.storyboard in Resources */ = {isa = PBXBuildFile; fileRef = 03834BF22816EAC20058E08E /* LaunchScreen.storyboard */; };
		03834BFF2816EAC20058E08E /* ReplicaGetirHW6Tests.swift in Sources */ = {isa = PBXBuildFile; fileRef = 03834BFE2816EAC20058E08E /* ReplicaGetirHW6Tests.swift */; };
		03834C092816EAC20058E08E /* ReplicaGetirHW6UITests.swift in Sources */ = {isa = PBXBuildFile; fileRef = 03834C082816EAC20058E08E /* ReplicaGetirHW6UITests.swift */; };
		03834C0B2816EAC20058E08E /* ReplicaGetirHW6UITestsLaunchTests.swift in Sources */ = {isa = PBXBuildFile; fileRef = 03834C0A2816EAC20058E08E /* ReplicaGetirHW6UITestsLaunchTests.swift */; };
		03834C192816EC020058E08E /* Comfortaa-Bold.ttf in Resources */ = {isa = PBXBuildFile; fileRef = 03834C182816EC020058E08E /* Comfortaa-Bold.ttf */; };
		03834C1B2817E5450058E08E /* Urunler.swift in Sources */ = {isa = PBXBuildFile; fileRef = 03834C1A2817E5450058E08E /* Urunler.swift */; };
		03834C1F2817FF370058E08E /* UrunCollectionViewCell.swift in Sources */ = {isa = PBXBuildFile; fileRef = 03834C1E2817FF370058E08E /* UrunCollectionViewCell.swift */; };
/* End PBXBuildFile section */

/* Begin PBXContainerItemProxy section */
		03834BFB2816EAC20058E08E /* PBXContainerItemProxy */ = {
			isa = PBXContainerItemProxy;
			containerPortal = 03834BDC2816EAC00058E08E /* Project object */;
			proxyType = 1;
			remoteGlobalIDString = 03834BE32816EAC00058E08E;
			remoteInfo = ReplicaGetirHW6;
		};
		03834C052816EAC20058E08E /* PBXContainerItemProxy */ = {
			isa = PBXContainerItemProxy;
			containerPortal = 03834BDC2816EAC00058E08E /* Project object */;
			proxyType = 1;
			remoteGlobalIDString = 03834BE32816EAC00058E08E;
			remoteInfo = ReplicaGetirHW6;
		};
/* End PBXContainerItemProxy section */

/* Begin PBXFileReference section */
		03834BE42816EAC00058E08E /* ReplicaGetirHW6.app */ = {isa = PBXFileReference; explicitFileType = wrapper.application; includeInIndex = 0; path = ReplicaGetirHW6.app; sourceTree = BUILT_PRODUCTS_DIR; };
		03834BE72816EAC00058E08E /* AppDelegate.swift */ = {isa = PBXFileReference; lastKnownFileType = sourcecode.swift; path = AppDelegate.swift; sourceTree = "<group>"; };
		03834BE92816EAC00058E08E /* SceneDelegate.swift */ = {isa = PBXFileReference; lastKnownFileType = sourcecode.swift; path = SceneDelegate.swift; sourceTree = "<group>"; };
		03834BEB2816EAC00058E08E /* ViewController.swift */ = {isa = PBXFileReference; lastKnownFileType = sourcecode.swift; path = ViewController.swift; sourceTree = "<group>"; };
		03834BEE2816EAC00058E08E /* Base */ = {isa = PBXFileReference; lastKnownFileType = file.storyboard; name = Base; path = Base.lproj/Main.storyboard; sourceTree = "<group>"; };
		03834BF02816EAC20058E08E /* Assets.xcassets */ = {isa = PBXFileReference; lastKnownFileType = folder.assetcatalog; path = Assets.xcassets; sourceTree = "<group>"; };
		03834BF32816EAC20058E08E /* Base */ = {isa = PBXFileReference; lastKnownFileType = file.storyboard; name = Base; path = Base.lproj/LaunchScreen.storyboard; sourceTree = "<group>"; };
		03834BF52816EAC20058E08E /* Info.plist */ = {isa = PBXFileReference; lastKnownFileType = text.plist.xml; path = Info.plist; sourceTree = "<group>"; };
		03834BFA2816EAC20058E08E /* ReplicaGetirHW6Tests.xctest */ = {isa = PBXFileReference; explicitFileType = wrapper.cfbundle; includeInIndex = 0; path = ReplicaGetirHW6Tests.xctest; sourceTree = BUILT_PRODUCTS_DIR; };
		03834BFE2816EAC20058E08E /* ReplicaGetirHW6Tests.swift */ = {isa = PBXFileReference; lastKnownFileType = sourcecode.swift; path = ReplicaGetirHW6Tests.swift; sourceTree = "<group>"; };
		03834C042816EAC20058E08E /* ReplicaGetirHW6UITests.xctest */ = {isa = PBXFileReference; explicitFileType = wrapper.cfbundle; includeInIndex = 0; path = ReplicaGetirHW6UITests.xctest; sourceTree = BUILT_PRODUCTS_DIR; };
		03834C082816EAC20058E08E /* ReplicaGetirHW6UITests.swift */ = {isa = PBXFileReference; lastKnownFileType = sourcecode.swift; path = ReplicaGetirHW6UITests.swift; sourceTree = "<group>"; };
		03834C0A2816EAC20058E08E /* ReplicaGetirHW6UITestsLaunchTests.swift */ = {isa = PBXFileReference; lastKnownFileType = sourcecode.swift; path = ReplicaGetirHW6UITestsLaunchTests.swift; sourceTree = "<group>"; };
		03834C182816EC020058E08E /* Comfortaa-Bold.ttf */ = {isa = PBXFileReference; lastKnownFileType = file; path = "Comfortaa-Bold.ttf"; sourceTree = "<group>"; };
		03834C1A2817E5450058E08E /* Urunler.swift */ = {isa = PBXFileReference; lastKnownFileType = sourcecode.swift; path = Urunler.swift; sourceTree = "<group>"; };
		03834C1E2817FF370058E08E /* UrunCollectionViewCell.swift */ = {isa = PBXFileReference; lastKnownFileType = sourcecode.swift; path = UrunCollectionViewCell.swift; sourceTree = "<group>"; };
/* End PBXFileReference section */

/* Begin PBXFrameworksBuildPhase section */
		03834BE12816EAC00058E08E /* Frameworks */ = {
			isa = PBXFrameworksBuildPhase;
			buildActionMask = 2147483647;
			files = (
			);
			runOnlyForDeploymentPostprocessing = 0;
		};
		03834BF72816EAC20058E08E /* Frameworks */ = {
			isa = PBXFrameworksBuildPhase;
			buildActionMask = 2147483647;
			files = (
			);
			runOnlyForDeploymentPostprocessing = 0;
		};
		03834C012816EAC20058E08E /* Frameworks */ = {
			isa = PBXFrameworksBuildPhase;
			buildActionMask = 2147483647;
			files = (
			);
			runOnlyForDeploymentPostprocessing = 0;
		};
/* End PBXFrameworksBuildPhase section */

/* Begin PBXGroup section */
		03834BDB2816EAC00058E08E = {
			isa = PBXGroup;
			children = (
				03834BE62816EAC00058E08E /* ReplicaGetirHW6 */,
				03834BFD2816EAC20058E08E /* ReplicaGetirHW6Tests */,
				03834C072816EAC20058E08E /* ReplicaGetirHW6UITests */,
				03834BE52816EAC00058E08E /* Products */,
			);
			sourceTree = "<group>";
		};
		03834BE52816EAC00058E08E /* Products */ = {
			isa = PBXGroup;
			children = (
				03834BE42816EAC00058E08E /* ReplicaGetirHW6.app */,
				03834BFA2816EAC20058E08E /* ReplicaGetirHW6Tests.xctest */,
				03834C042816EAC20058E08E /* ReplicaGetirHW6UITests.xctest */,
			);
			name = Products;
			sourceTree = "<group>";
		};
		03834BE62816EAC00058E08E /* ReplicaGetirHW6 */ = {
			isa = PBXGroup;
			children = (
				03834BE72816EAC00058E08E /* AppDelegate.swift */,
				03834C1E2817FF370058E08E /* UrunCollectionViewCell.swift */,
				03834BE92816EAC00058E08E /* SceneDelegate.swift */,
				03834BEB2816EAC00058E08E /* ViewController.swift */,
				03834C172816EBEE0058E08E /* Fonts */,
				03834BED2816EAC00058E08E /* Main.storyboard */,
				03834C1A2817E5450058E08E /* Urunler.swift */,
				03834BF02816EAC20058E08E /* Assets.xcassets */,
				03834BF22816EAC20058E08E /* LaunchScreen.storyboard */,
				03834BF52816EAC20058E08E /* Info.plist */,
			);
			path = ReplicaGetirHW6;
			sourceTree = "<group>";
		};
		03834BFD2816EAC20058E08E /* ReplicaGetirHW6Tests */ = {
			isa = PBXGroup;
			children = (
				03834BFE2816EAC20058E08E /* ReplicaGetirHW6Tests.swift */,
			);
			path = ReplicaGetirHW6Tests;
			sourceTree = "<group>";
		};
		03834C072816EAC20058E08E /* ReplicaGetirHW6UITests */ = {
			isa = PBXGroup;
			children = (
				03834C082816EAC20058E08E /* ReplicaGetirHW6UITests.swift */,
				03834C0A2816EAC20058E08E /* ReplicaGetirHW6UITestsLaunchTests.swift */,
			);
			path = ReplicaGetirHW6UITests;
			sourceTree = "<group>";
		};
		03834C172816EBEE0058E08E /* Fonts */ = {
			isa = PBXGroup;
			children = (
				03834C182816EC020058E08E /* Comfortaa-Bold.ttf */,
			);
			path = Fonts;
			sourceTree = "<group>";
		};
/* End PBXGroup section */

/* Begin PBXNativeTarget section */
		03834BE32816EAC00058E08E /* ReplicaGetirHW6 */ = {
			isa = PBXNativeTarget;
			buildConfigurationList = 03834C0E2816EAC20058E08E /* Build configuration list for PBXNativeTarget "ReplicaGetirHW6" */;
			buildPhases = (
				03834BE02816EAC00058E08E /* Sources */,
				03834BE12816EAC00058E08E /* Frameworks */,
				03834BE22816EAC00058E08E /* Resources */,
			);
			buildRules = (
			);
			dependencies = (
			);
			name = ReplicaGetirHW6;
			productName = ReplicaGetirHW6;
			productReference = 03834BE42816EAC00058E08E /* ReplicaGetirHW6.app */;
			productType = "com.apple.product-type.application";
		};
		03834BF92816EAC20058E08E /* ReplicaGetirHW6Tests */ = {
			isa = PBXNativeTarget;
			buildConfigurationList = 03834C112816EAC20058E08E /* Build configuration list for PBXNativeTarget "ReplicaGetirHW6Tests" */;
			buildPhases = (
				03834BF62816EAC20058E08E /* Sources */,
				03834BF72816EAC20058E08E /* Frameworks */,
				03834BF82816EAC20058E08E /* Resources */,
			);
			buildRules = (
			);
			dependencies = (
				03834BFC2816EAC20058E08E /* PBXTargetDependency */,
			);
			name = ReplicaGetirHW6Tests;
			productName = ReplicaGetirHW6Tests;
			productReference = 03834BFA2816EAC20058E08E /* ReplicaGetirHW6Tests.xctest */;
			productType = "com.apple.product-type.bundle.unit-test";
		};
		03834C032816EAC20058E08E /* ReplicaGetirHW6UITests */ = {
			isa = PBXNativeTarget;
			buildConfigurationList = 03834C142816EAC20058E08E /* Build configuration list for PBXNativeTarget "ReplicaGetirHW6UITests" */;
			buildPhases = (
				03834C002816EAC20058E08E /* Sources */,
				03834C012816EAC20058E08E /* Frameworks */,
				03834C022816EAC20058E08E /* Resources */,
			);
			buildRules = (
			);
			dependencies = (
				03834C062816EAC20058E08E /* PBXTargetDependency */,
			);
			name = ReplicaGetirHW6UITests;
			productName = ReplicaGetirHW6UITests;
			productReference = 03834C042816EAC20058E08E /* ReplicaGetirHW6UITests.xctest */;
			productType = "com.apple.product-type.bundle.ui-testing";
		};
/* End PBXNativeTarget section */

/* Begin PBXProject section */
		03834BDC2816EAC00058E08E /* Project object */ = {
			isa = PBXProject;
			attributes = {
				BuildIndependentTargetsInParallel = 1;
				LastSwiftUpdateCheck = 1330;
				LastUpgradeCheck = 1330;
				TargetAttributes = {
					03834BE32816EAC00058E08E = {
						CreatedOnToolsVersion = 13.3.1;
					};
					03834BF92816EAC20058E08E = {
						CreatedOnToolsVersion = 13.3.1;
						TestTargetID = 03834BE32816EAC00058E08E;
					};
					03834C032816EAC20058E08E = {
						CreatedOnToolsVersion = 13.3.1;
						TestTargetID = 03834BE32816EAC00058E08E;
					};
				};
			};
			buildConfigurationList = 03834BDF2816EAC00058E08E /* Build configuration list for PBXProject "ReplicaGetirHW6" */;
			compatibilityVersion = "Xcode 13.0";
			developmentRegion = en;
			hasScannedForEncodings = 0;
			knownRegions = (
				en,
				Base,
			);
			mainGroup = 03834BDB2816EAC00058E08E;
			productRefGroup = 03834BE52816EAC00058E08E /* Products */;
			projectDirPath = "";
			projectRoot = "";
			targets = (
				03834BE32816EAC00058E08E /* ReplicaGetirHW6 */,
				03834BF92816EAC20058E08E /* ReplicaGetirHW6Tests */,
				03834C032816EAC20058E08E /* ReplicaGetirHW6UITests */,
			);
		};
/* End PBXProject section */

/* Begin PBXResourcesBuildPhase section */
		03834BE22816EAC00058E08E /* Resources */ = {
			isa = PBXResourcesBuildPhase;
			buildActionMask = 2147483647;
			files = (
				03834C192816EC020058E08E /* Comfortaa-Bold.ttf in Resources */,
				03834BF42816EAC20058E08E /* LaunchScreen.storyboard in Resources */,
				03834BF12816EAC20058E08E /* Assets.xcassets in Resources */,
				03834BEF2816EAC00058E08E /* Main.storyboard in Resources */,
			);
			runOnlyForDeploymentPostprocessing = 0;
		};
		03834BF82816EAC20058E08E /* Resources */ = {
			isa = PBXResourcesBuildPhase;
			buildActionMask = 2147483647;
			files = (
			);
			runOnlyForDeploymentPostprocessing = 0;
		};
		03834C022816EAC20058E08E /* Resources */ = {
			isa = PBXResourcesBuildPhase;
			buildActionMask = 2147483647;
			files = (
			);
			runOnlyForDeploymentPostprocessing = 0;
		};
/* End PBXResourcesBuildPhase section */

/* Begin PBXSourcesBuildPhase section */
		03834BE02816EAC00058E08E /* Sources */ = {
			isa = PBXSourcesBuildPhase;
			buildActionMask = 2147483647;
			files = (
				03834C1F2817FF370058E08E /* UrunCollectionViewCell.swift in Sources */,
				03834BEC2816EAC00058E08E /* ViewController.swift in Sources */,
				03834C1B2817E5450058E08E /* Urunler.swift in Sources */,
				03834BE82816EAC00058E08E /* AppDelegate.swift in Sources */,
				03834BEA2816EAC00058E08E /* SceneDelegate.swift in Sources */,
			);
			runOnlyForDeploymentPostprocessing = 0;
		};
		03834BF62816EAC20058E08E /* Sources */ = {
			isa = PBXSourcesBuildPhase;
			buildActionMask = 2147483647;
			files = (
				03834BFF2816EAC20058E08E /* ReplicaGetirHW6Tests.swift in Sources */,
			);
			runOnlyForDeploymentPostprocessing = 0;
		};
		03834C002816EAC20058E08E /* Sources */ = {
			isa = PBXSourcesBuildPhase;
			buildActionMask = 2147483647;
			files = (
				03834C092816EAC20058E08E /* ReplicaGetirHW6UITests.swift in Sources */,
				03834C0B2816EAC20058E08E /* ReplicaGetirHW6UITestsLaunchTests.swift in Sources */,
			);
			runOnlyForDeploymentPostprocessing = 0;
		};
/* End PBXSourcesBuildPhase section */

/* Begin PBXTargetDependency section */
		03834BFC2816EAC20058E08E /* PBXTargetDependency */ = {
			isa = PBXTargetDependency;
			target = 03834BE32816EAC00058E08E /* ReplicaGetirHW6 */;
			targetProxy = 03834BFB2816EAC20058E08E /* PBXContainerItemProxy */;
		};
		03834C062816EAC20058E08E /* PBXTargetDependency */ = {
			isa = PBXTargetDependency;
			target = 03834BE32816EAC00058E08E /* ReplicaGetirHW6 */;
			targetProxy = 03834C052816EAC20058E08E /* PBXContainerItemProxy */;
		};
/* End PBXTargetDependency section */

/* Begin PBXVariantGroup section */
		03834BED2816EAC00058E08E /* Main.storyboard */ = {
			isa = PBXVariantGroup;
			children = (
				03834BEE2816EAC00058E08E /* Base */,
			);
			name = Main.storyboard;
			sourceTree = "<group>";
		};
		03834BF22816EAC20058E08E /* LaunchScreen.storyboard */ = {
			isa = PBXVariantGroup;
			children = (
				03834BF32816EAC20058E08E /* Base */,
			);
			name = LaunchScreen.storyboard;
			sourceTree = "<group>";
		};
/* End PBXVariantGroup section */

/* Begin XCBuildConfiguration section */
		03834C0C2816EAC20058E08E /* Debug */ = {
			isa = XCBuildConfiguration;
			buildSettings = {
				ALWAYS_SEARCH_USER_PATHS = NO;
				CLANG_ANALYZER_NONNULL = YES;
				CLANG_ANALYZER_NUMBER_OBJECT_CONVERSION = YES_AGGRESSIVE;
				CLANG_CXX_LANGUAGE_STANDARD = "gnu++17";
				CLANG_ENABLE_MODULES = YES;
				CLANG_ENABLE_OBJC_ARC = YES;
				CLANG_ENABLE_OBJC_WEAK = YES;
				CLANG_WARN_BLOCK_CAPTURE_AUTORELEASING = YES;
				CLANG_WARN_BOOL_CONVERSION = YES;
				CLANG_WARN_COMMA = YES;
				CLANG_WARN_CONSTANT_CONVERSION = YES;
				CLANG_WARN_DEPRECATED_OBJC_IMPLEMENTATIONS = YES;
				CLANG_WARN_DIRECT_OBJC_ISA_USAGE = YES_ERROR;
				CLANG_WARN_DOCUMENTATION_COMMENTS = YES;
				CLANG_WARN_EMPTY_BODY = YES;
				CLANG_WARN_ENUM_CONVERSION = YES;
				CLANG_WARN_INFINITE_RECURSION = YES;
				CLANG_WARN_INT_CONVERSION = YES;
				CLANG_WARN_NON_LITERAL_NULL_CONVERSION = YES;
				CLANG_WARN_OBJC_IMPLICIT_RETAIN_SELF = YES;
				CLANG_WARN_OBJC_LITERAL_CONVERSION = YES;
				CLANG_WARN_OBJC_ROOT_CLASS = YES_ERROR;
				CLANG_WARN_QUOTED_INCLUDE_IN_FRAMEWORK_HEADER = YES;
				CLANG_WARN_RANGE_LOOP_ANALYSIS = YES;
				CLANG_WARN_STRICT_PROTOTYPES = YES;
				CLANG_WARN_SUSPICIOUS_MOVE = YES;
				CLANG_WARN_UNGUARDED_AVAILABILITY = YES_AGGRESSIVE;
				CLANG_WARN_UNREACHABLE_CODE = YES;
				CLANG_WARN__DUPLICATE_METHOD_MATCH = YES;
				COPY_PHASE_STRIP = NO;
				DEBUG_INFORMATION_FORMAT = dwarf;
				ENABLE_STRICT_OBJC_MSGSEND = YES;
				ENABLE_TESTABILITY = YES;
				GCC_C_LANGUAGE_STANDARD = gnu11;
				GCC_DYNAMIC_NO_PIC = NO;
				GCC_NO_COMMON_BLOCKS = YES;
				GCC_OPTIMIZATION_LEVEL = 0;
				GCC_PREPROCESSOR_DEFINITIONS = (
					"DEBUG=1",
					"$(inherited)",
				);
				GCC_WARN_64_TO_32_BIT_CONVERSION = YES;
				GCC_WARN_ABOUT_RETURN_TYPE = YES_ERROR;
				GCC_WARN_UNDECLARED_SELECTOR = YES;
				GCC_WARN_UNINITIALIZED_AUTOS = YES_AGGRESSIVE;
				GCC_WARN_UNUSED_FUNCTION = YES;
				GCC_WARN_UNUSED_VARIABLE = YES;
				IPHONEOS_DEPLOYMENT_TARGET = 15.4;
				MTL_ENABLE_DEBUG_INFO = INCLUDE_SOURCE;
				MTL_FAST_MATH = YES;
				ONLY_ACTIVE_ARCH = YES;
				SDKROOT = iphoneos;
				SWIFT_ACTIVE_COMPILATION_CONDITIONS = DEBUG;
				SWIFT_OPTIMIZATION_LEVEL = "-Onone";
			};
			name = Debug;
		};
		03834C0D2816EAC20058E08E /* Release */ = {
			isa = XCBuildConfiguration;
			buildSettings = {
				ALWAYS_SEARCH_USER_PATHS = NO;
				CLANG_ANALYZER_NONNULL = YES;
				CLANG_ANALYZER_NUMBER_OBJECT_CONVERSION = YES_AGGRESSIVE;
				CLANG_CXX_LANGUAGE_STANDARD = "gnu++17";
				CLANG_ENABLE_MODULES = YES;
				CLANG_ENABLE_OBJC_ARC = YES;
				CLANG_ENABLE_OBJC_WEAK = YES;
				CLANG_WARN_BLOCK_CAPTURE_AUTORELEASING = YES;
				CLANG_WARN_BOOL_CONVERSION = YES;
				CLANG_WARN_COMMA = YES;
				CLANG_WARN_CONSTANT_CONVERSION = YES;
				CLANG_WARN_DEPRECATED_OBJC_IMPLEMENTATIONS = YES;
				CLANG_WARN_DIRECT_OBJC_ISA_USAGE = YES_ERROR;
				CLANG_WARN_DOCUMENTATION_COMMENTS = YES;
				CLANG_WARN_EMPTY_BODY = YES;
				CLANG_WARN_ENUM_CONVERSION = YES;
				CLANG_WARN_INFINITE_RECURSION = YES;
				CLANG_WARN_INT_CONVERSION = YES;
				CLANG_WARN_NON_LITERAL_NULL_CONVERSION = YES;
				CLANG_WARN_OBJC_IMPLICIT_RETAIN_SELF = YES;
				CLANG_WARN_OBJC_LITERAL_CONVERSION = YES;
				CLANG_WARN_OBJC_ROOT_CLASS = YES_ERROR;
				CLANG_WARN_QUOTED_INCLUDE_IN_FRAMEWORK_HEADER = YES;
				CLANG_WARN_RANGE_LOOP_ANALYSIS = YES;
				CLANG_WARN_STRICT_PROTOTYPES = YES;
				CLANG_WARN_SUSPICIOUS_MOVE = YES;
				CLANG_WARN_UNGUARDED_AVAILABILITY = YES_AGGRESSIVE;
				CLANG_WARN_UNREACHABLE_CODE = YES;
				CLANG_WARN__DUPLICATE_METHOD_MATCH = YES;
				COPY_PHASE_STRIP = NO;
				DEBUG_INFORMATION_FORMAT = "dwarf-with-dsym";
				ENABLE_NS_ASSERTIONS = NO;
				ENABLE_STRICT_OBJC_MSGSEND = YES;
				GCC_C_LANGUAGE_STANDARD = gnu11;
				GCC_NO_COMMON_BLOCKS = YES;
				GCC_WARN_64_TO_32_BIT_CONVERSION = YES;
				GCC_WARN_ABOUT_RETURN_TYPE = YES_ERROR;
				GCC_WARN_UNDECLARED_SELECTOR = YES;
				GCC_WARN_UNINITIALIZED_AUTOS = YES_AGGRESSIVE;
				GCC_WARN_UNUSED_FUNCTION = YES;
				GCC_WARN_UNUSED_VARIABLE = YES;
				IPHONEOS_DEPLOYMENT_TARGET = 15.4;
				MTL_ENABLE_DEBUG_INFO = NO;
				MTL_FAST_MATH = YES;
				SDKROOT = iphoneos;
				SWIFT_COMPILATION_MODE = wholemodule;
				SWIFT_OPTIMIZATION_LEVEL = "-O";
				VALIDATE_PRODUCT = YES;
			};
			name = Release;
		};
		03834C0F2816EAC20058E08E /* Debug */ = {
			isa = XCBuildConfiguration;
			buildSettings = {
				ASSETCATALOG_COMPILER_APPICON_NAME = AppIcon;
				ASSETCATALOG_COMPILER_GLOBAL_ACCENT_COLOR_NAME = AccentColor;
				CODE_SIGN_STYLE = Automatic;
				CURRENT_PROJECT_VERSION = 1;
				GENERATE_INFOPLIST_FILE = YES;
				INFOPLIST_FILE = ReplicaGetirHW6/Info.plist;
				INFOPLIST_KEY_UIApplicationSupportsIndirectInputEvents = YES;
				INFOPLIST_KEY_UILaunchStoryboardName = LaunchScreen;
				INFOPLIST_KEY_UIMainStoryboardFile = Main;
				INFOPLIST_KEY_UISupportedInterfaceOrientations_iPad = "UIInterfaceOrientationPortrait UIInterfaceOrientationPortraitUpsideDown UIInterfaceOrientationLandscapeLeft UIInterfaceOrientationLandscapeRight";
				INFOPLIST_KEY_UISupportedInterfaceOrientations_iPhone = "UIInterfaceOrientationPortrait UIInterfaceOrientationLandscapeLeft UIInterfaceOrientationLandscapeRight";
				LD_RUNPATH_SEARCH_PATHS = (
					"$(inherited)",
					"@executable_path/Frameworks",
				);
				MARKETING_VERSION = 1.0;
				PRODUCT_BUNDLE_IDENTIFIER = com.info.ReplicaGetirHW6;
				PRODUCT_NAME = "$(TARGET_NAME)";
				SWIFT_EMIT_LOC_STRINGS = YES;
				SWIFT_VERSION = 5.0;
				TARGETED_DEVICE_FAMILY = "1,2";
			};
			name = Debug;
		};
		03834C102816EAC20058E08E /* Release */ = {
			isa = XCBuildConfiguration;
			buildSettings = {
				ASSETCATALOG_COMPILER_APPICON_NAME = AppIcon;
				ASSETCATALOG_COMPILER_GLOBAL_ACCENT_COLOR_NAME = AccentColor;
				CODE_SIGN_STYLE = Automatic;
				CURRENT_PROJECT_VERSION = 1;
				GENERATE_INFOPLIST_FILE = YES;
				INFOPLIST_FILE = ReplicaGetirHW6/Info.plist;
				INFOPLIST_KEY_UIApplicationSupportsIndirectInputEvents = YES;
				INFOPLIST_KEY_UILaunchStoryboardName = LaunchScreen;
				INFOPLIST_KEY_UIMainStoryboardFile = Main;
				INFOPLIST_KEY_UISupportedInterfaceOrientations_iPad = "UIInterfaceOrientationPortrait UIInterfaceOrientationPortraitUpsideDown UIInterfaceOrientationLandscapeLeft UIInterfaceOrientationLandscapeRight";
				INFOPLIST_KEY_UISupportedInterfaceOrientations_iPhone = "UIInterfaceOrientationPortrait UIInterfaceOrientationLandscapeLeft UIInterfaceOrientationLandscapeRight";
				LD_RUNPATH_SEARCH_PATHS = (
					"$(inherited)",
					"@executable_path/Frameworks",
				);
				MARKETING_VERSION = 1.0;
				PRODUCT_BUNDLE_IDENTIFIER = com.info.ReplicaGetirHW6;
				PRODUCT_NAME = "$(TARGET_NAME)";
				SWIFT_EMIT_LOC_STRINGS = YES;
				SWIFT_VERSION = 5.0;
				TARGETED_DEVICE_FAMILY = "1,2";
			};
			name = Release;
		};
		03834C122816EAC20058E08E /* Debug */ = {
			isa = XCBuildConfiguration;
			buildSettings = {
				ALWAYS_EMBED_SWIFT_STANDARD_LIBRARIES = YES;
				BUNDLE_LOADER = "$(TEST_HOST)";
				CODE_SIGN_STYLE = Automatic;
				CURRENT_PROJECT_VERSION = 1;
				GENERATE_INFOPLIST_FILE = YES;
				IPHONEOS_DEPLOYMENT_TARGET = 15.4;
				MARKETING_VERSION = 1.0;
				PRODUCT_BUNDLE_IDENTIFIER = com.info.ReplicaGetirHW6Tests;
				PRODUCT_NAME = "$(TARGET_NAME)";
				SWIFT_EMIT_LOC_STRINGS = NO;
				SWIFT_VERSION = 5.0;
				TARGETED_DEVICE_FAMILY = "1,2";
				TEST_HOST = "$(BUILT_PRODUCTS_DIR)/ReplicaGetirHW6.app/ReplicaGetirHW6";
			};
			name = Debug;
		};
		03834C132816EAC20058E08E /* Release */ = {
			isa = XCBuildConfiguration;
			buildSettings = {
				ALWAYS_EMBED_SWIFT_STANDARD_LIBRARIES = YES;
				BUNDLE_LOADER = "$(TEST_HOST)";
				CODE_SIGN_STYLE = Automatic;
				CURRENT_PROJECT_VERSION = 1;
				GENERATE_INFOPLIST_FILE = YES;
				IPHONEOS_DEPLOYMENT_TARGET = 15.4;
				MARKETING_VERSION = 1.0;
				PRODUCT_BUNDLE_IDENTIFIER = com.info.ReplicaGetirHW6Tests;
				PRODUCT_NAME = "$(TARGET_NAME)";
				SWIFT_EMIT_LOC_STRINGS = NO;
				SWIFT_VERSION = 5.0;
				TARGETED_DEVICE_FAMILY = "1,2";
				TEST_HOST = "$(BUILT_PRODUCTS_DIR)/ReplicaGetirHW6.app/ReplicaGetirHW6";
			};
			name = Release;
		};
		03834C152816EAC20058E08E /* Debug */ = {
			isa = XCBuildConfiguration;
			buildSettings = {
				ALWAYS_EMBED_SWIFT_STANDARD_LIBRARIES = YES;
				CODE_SIGN_STYLE = Automatic;
				CURRENT_PROJECT_VERSION = 1;
				GENERATE_INFOPLIST_FILE = YES;
				MARKETING_VERSION = 1.0;
				PRODUCT_BUNDLE_IDENTIFIER = com.info.ReplicaGetirHW6UITests;
				PRODUCT_NAME = "$(TARGET_NAME)";
				SWIFT_EMIT_LOC_STRINGS = NO;
				SWIFT_VERSION = 5.0;
				TARGETED_DEVICE_FAMILY = "1,2";
				TEST_TARGET_NAME = ReplicaGetirHW6;
			};
			name = Debug;
		};
		03834C162816EAC20058E08E /* Release */ = {
			isa = XCBuildConfiguration;
			buildSettings = {
				ALWAYS_EMBED_SWIFT_STANDARD_LIBRARIES = YES;
				CODE_SIGN_STYLE = Automatic;
				CURRENT_PROJECT_VERSION = 1;
				GENERATE_INFOPLIST_FILE = YES;
				MARKETING_VERSION = 1.0;
				PRODUCT_BUNDLE_IDENTIFIER = com.info.ReplicaGetirHW6UITests;
				PRODUCT_NAME = "$(TARGET_NAME)";
				SWIFT_EMIT_LOC_STRINGS = NO;
				SWIFT_VERSION = 5.0;
				TARGETED_DEVICE_FAMILY = "1,2";
				TEST_TARGET_NAME = ReplicaGetirHW6;
			};
			name = Release;
		};
/* End XCBuildConfiguration section */

/* Begin XCConfigurationList section */
		03834BDF2816EAC00058E08E /* Build configuration list for PBXProject "ReplicaGetirHW6" */ = {
			isa = XCConfigurationList;
			buildConfigurations = (
				03834C0C2816EAC20058E08E /* Debug */,
				03834C0D2816EAC20058E08E /* Release */,
			);
			defaultConfigurationIsVisible = 0;
			defaultConfigurationName = Release;
		};
		03834C0E2816EAC20058E08E /* Build configuration list for PBXNativeTarget "ReplicaGetirHW6" */ = {
			isa = XCConfigurationList;
			buildConfigurations = (
				03834C0F2816EAC20058E08E /* Debug */,
				03834C102816EAC20058E08E /* Release */,
			);
			defaultConfigurationIsVisible = 0;
			defaultConfigurationName = Release;
		};
		03834C112816EAC20058E08E /* Build configuration list for PBXNativeTarget "ReplicaGetirHW6Tests" */ = {
			isa = XCConfigurationList;
			buildConfigurations = (
				03834C122816EAC20058E08E /* Debug */,
				03834C132816EAC20058E08E /* Release */,
			);
			defaultConfigurationIsVisible = 0;
			defaultConfigurationName = Release;
		};
		03834C142816EAC20058E08E /* Build configuration list for PBXNativeTarget "ReplicaGetirHW6UITests" */ = {
			isa = XCConfigurationList;
			buildConfigurations = (
				03834C152816EAC20058E08E /* Debug */,
				03834C162816EAC20058E08E /* Release */,
			);
			defaultConfigurationIsVisible = 0;
			defaultConfigurationName = Release;
		};
/* End XCConfigurationList section */
	};
	rootObject = 03834BDC2816EAC00058E08E /* Project object */;
}
